PODS:
  - FMDB (2.5):
    - FMDB/standard (= 2.5)
  - FMDB/common (2.5)
  - FMDB/standard (2.5):
    - FMDB/common
  - OCMock (3.1.2)

DEPENDENCIES:
  - FMDB
  - OCMock

SPEC CHECKSUMS:
  FMDB: 96e8f1bcc1329e269330f99770ad4285d9003e52
  OCMock: a10ea9f0a6e921651f96f78b6faee95ebc813b92

COCOAPODS: 0.36.3
