PODS:
  - FMDB (2.7.2):
    - FMDB/standard (= 2.7.2)
  - FMDB/standard (2.7.2)
  - MOLCertificate (1.9)
  - MOLCodesignChecker (1.10):
    - MOLCertificate (~> 1.8)
  - MOLXPCConnection (1.2):
    - MOLCodesignChecker (~> 1.9)
  - OCMock (3.4.2)

DEPENDENCIES:
  - FMDB
  - MOLCertificate
  - MOLCodesignChecker
  - MOLXPCConnection
  - OCMock

SPEC REPOS:
  https://github.com/cocoapods/specs.git:
    - FMDB
    - MOLCertificate
    - MOLCodesignChecker
    - MOLXPCConnection
    - OCMock

SPEC CHECKSUMS:
  FMDB: 6198a90e7b6900cfc046e6bc0ef6ebb7be9236aa
  MOLCertificate: e9e88a396c57032cab847f51a46e20c730cd752a
  MOLCodesignChecker: b0d5db9d2f9bd94e0fd093891a5d40e5ad77cbc0
  MOLXPCConnection: c27af5cb1c43b18319698b0e568a8ddc2fc1e306
  OCMock: ebe9ee1dca7fbed0ff9193ac0b3e2d8862ea56f6

PODFILE CHECKSUM: e8ff788a96d8d592286bb4bf8cc60322058d2d38

COCOAPODS: 1.7.4
