// !$*UTF8*$!
{
	archiveVersion = 1;
	classes = {
	};
	objectVersion = 50;
	objects = {

/* Begin PBXBuildFile section */
		61FC7425DD1EAAD50D509435 /* libPods-santaxpcproxy.a in Frameworks */ = {isa = PBXBuildFile; fileRef = 24CDFD218D8B35E34895AA6A /* libPods-santaxpcproxy.a */; };
		66067B41944ADC1C37627C20 /* libPods-santabundleservice.a in Frameworks */ = {isa = PBXBuildFile; fileRef = 2A55D73A235850B9FA991865 /* libPods-santabundleservice.a */; };
		AD3736AF78C41A962C26D429 /* libPods-Santa.a in Frameworks */ = {isa = PBXBuildFile; fileRef = 4C3E743944A9D77423AA1534 /* libPods-Santa.a */; };
		B5AE6BB811766CA492133559 /* libPods-santad.a in Frameworks */ = {isa = PBXBuildFile; fileRef = 3700D40B536CA7F626B76156 /* libPods-santad.a */; };
		C71E472F22F0F97B00921CD9 /* santad in CopyFiles */ = {isa = PBXBuildFile; fileRef = C779C4E622F0F51400EE2541 /* santad */; settings = {ATTRIBUTES = (CodeSignOnCopy, ); }; };
		C71E473122F0FAA100921CD9 /* com.google.santa.daemon.systemextension in CopyFiles */ = {isa = PBXBuildFile; fileRef = C7A8308022F0F81F00F856AC /* com.google.santa.daemon.systemextension */; settings = {ATTRIBUTES = (CodeSignOnCopy, RemoveHeadersOnCopy, ); }; };
		C77179C922F207810047DF1A /* SNTXPCProxyInterface.m in Sources */ = {isa = PBXBuildFile; fileRef = C779C42B22F0EA1A00EE2541 /* SNTXPCProxyInterface.m */; };
		C77179CB22F207B80047DF1A /* santaxpcproxy in CopyFiles */ = {isa = PBXBuildFile; fileRef = C792F25C22F206A800B1DBBD /* santaxpcproxy */; settings = {ATTRIBUTES = (CodeSignOnCopy, ); }; };
		C779C4CD22F0EC3A00EE2541 /* SNTMessageWindowController.m in Sources */ = {isa = PBXBuildFile; fileRef = C779C43522F0EA1A00EE2541 /* SNTMessageWindowController.m */; };
		C779C4CE22F0EC3D00EE2541 /* SNTAccessibleTextField.m in Sources */ = {isa = PBXBuildFile; fileRef = C779C43622F0EA1A00EE2541 /* SNTAccessibleTextField.m */; };
		C779C4CF22F0EC3F00EE2541 /* SNTAboutWindowController.m in Sources */ = {isa = PBXBuildFile; fileRef = C779C43722F0EA1A00EE2541 /* SNTAboutWindowController.m */; };
		C779C4D022F0EC4400EE2541 /* MessageWindow.xib in Resources */ = {isa = PBXBuildFile; fileRef = C779C43A22F0EA1A00EE2541 /* MessageWindow.xib */; };
		C779C4D122F0EC4A00EE2541 /* AboutWindow.xib in Resources */ = {isa = PBXBuildFile; fileRef = C779C43D22F0EA1A00EE2541 /* AboutWindow.xib */; };
		C779C4D222F0EC4D00EE2541 /* SNTAppDelegate.m in Sources */ = {isa = PBXBuildFile; fileRef = C779C43E22F0EA1A00EE2541 /* SNTAppDelegate.m */; };
		C779C4D322F0EC5000EE2541 /* SNTNotificationManager.m in Sources */ = {isa = PBXBuildFile; fileRef = C779C43F22F0EA1A00EE2541 /* SNTNotificationManager.m */; };
		C779C4D422F0EC5300EE2541 /* SNTMessageWindow.m in Sources */ = {isa = PBXBuildFile; fileRef = C779C44022F0EA1A00EE2541 /* SNTMessageWindow.m */; };
		C779C4D522F0EC5700EE2541 /* main.m in Sources */ = {isa = PBXBuildFile; fileRef = C779C44122F0EA1A00EE2541 /* main.m */; };
		C779C4D822F0EF2800EE2541 /* SNTXPCBundleServiceInterface.m in Sources */ = {isa = PBXBuildFile; fileRef = C779C4D622F0EF2800EE2541 /* SNTXPCBundleServiceInterface.m */; };
		C779C4D922F0F0DF00EE2541 /* SNTBlockMessage.m in Sources */ = {isa = PBXBuildFile; fileRef = C779C41D22F0EA1A00EE2541 /* SNTBlockMessage.m */; };
		C779C4DA22F0F0ED00EE2541 /* SNTConfigurator.m in Sources */ = {isa = PBXBuildFile; fileRef = C779C42222F0EA1A00EE2541 /* SNTConfigurator.m */; };
		C779C4DB22F0F0F500EE2541 /* SNTStoredEvent.m in Sources */ = {isa = PBXBuildFile; fileRef = C779C43222F0EA1A00EE2541 /* SNTStoredEvent.m */; };
		C779C4DC22F0F10700EE2541 /* SNTSystemInfo.m in Sources */ = {isa = PBXBuildFile; fileRef = C779C42622F0EA1A00EE2541 /* SNTSystemInfo.m */; };
		C779C4DD22F0F12600EE2541 /* SNTXPCNotifierInterface.m in Sources */ = {isa = PBXBuildFile; fileRef = C779C42422F0EA1A00EE2541 /* SNTXPCNotifierInterface.m */; };
		C779C4DE22F0F13000EE2541 /* SNTXPCControlInterface.m in Sources */ = {isa = PBXBuildFile; fileRef = C779C42022F0EA1A00EE2541 /* SNTXPCControlInterface.m */; };
		C779C4DF22F0F15100EE2541 /* SNTXPCUnprivilegedControlInterface.m in Sources */ = {isa = PBXBuildFile; fileRef = C779C41B22F0EA1A00EE2541 /* SNTXPCUnprivilegedControlInterface.m */; };
		C779C4E022F0F15C00EE2541 /* SNTRule.m in Sources */ = {isa = PBXBuildFile; fileRef = C779C41E22F0EA1A00EE2541 /* SNTRule.m */; };
		C779C4E122F0F17500EE2541 /* SNTLogging.m in Sources */ = {isa = PBXBuildFile; fileRef = C779C42E22F0EA1A00EE2541 /* SNTLogging.m */; };
		C779C4ED22F0F5D000EE2541 /* main.m in Sources */ = {isa = PBXBuildFile; fileRef = C779C3C122F0EA1900EE2541 /* main.m */; };
		C779C4EE22F0F5D400EE2541 /* SNTDatabaseTable.m in Sources */ = {isa = PBXBuildFile; fileRef = C779C3CF22F0EA1900EE2541 /* SNTDatabaseTable.m */; };
		C779C4EF22F0F5D600EE2541 /* SNTEventTable.m in Sources */ = {isa = PBXBuildFile; fileRef = C779C3D122F0EA1900EE2541 /* SNTEventTable.m */; };
		C779C4F022F0F5F600EE2541 /* SNTRuleTable.m in Sources */ = {isa = PBXBuildFile; fileRef = C779C3D022F0EA1900EE2541 /* SNTRuleTable.m */; };
		C779C4F122F0F60000EE2541 /* SNTEventLog.m in Sources */ = {isa = PBXBuildFile; fileRef = C779C3C022F0EA1900EE2541 /* SNTEventLog.m */; };
		C779C4F222F0F60400EE2541 /* SNTFileEventLog.m in Sources */ = {isa = PBXBuildFile; fileRef = C779C3BE22F0EA1900EE2541 /* SNTFileEventLog.m */; };
		C779C4F322F0F60600EE2541 /* SNTSyslogEventLog.m in Sources */ = {isa = PBXBuildFile; fileRef = C779C3BF22F0EA1900EE2541 /* SNTSyslogEventLog.m */; };
		C779C4F422F0F6A600EE2541 /* SNTApplication.m in Sources */ = {isa = PBXBuildFile; fileRef = C779C3AD22F0EA1900EE2541 /* SNTApplication.m */; };
		C779C4F522F0F6A800EE2541 /* SNTCompilerController.m in Sources */ = {isa = PBXBuildFile; fileRef = C779C3C622F0EA1900EE2541 /* SNTCompilerController.m */; };
		C779C4F622F0F6AB00EE2541 /* SNTDaemonControlController.m in Sources */ = {isa = PBXBuildFile; fileRef = C779C3AF22F0EA1900EE2541 /* SNTDaemonControlController.m */; };
		C779C4F722F0F6AE00EE2541 /* SNTDatabaseController.m in Sources */ = {isa = PBXBuildFile; fileRef = C779C3C422F0EA1900EE2541 /* SNTDatabaseController.m */; };
		C779C4F822F0F6B000EE2541 /* SNTDriverManager.m in Sources */ = {isa = PBXBuildFile; fileRef = C779C3C722F0EA1900EE2541 /* SNTDriverManager.m */; };
		C779C4F922F0F6B300EE2541 /* SNTExecutionController.m in Sources */ = {isa = PBXBuildFile; fileRef = C779C3B722F0EA1900EE2541 /* SNTExecutionController.m */; };
		C779C4FA22F0F6B700EE2541 /* SNTNotificationQueue.m in Sources */ = {isa = PBXBuildFile; fileRef = C779C3B822F0EA1900EE2541 /* SNTNotificationQueue.m */; };
		C779C4FB22F0F6BA00EE2541 /* SNTPolicyProcessor.m in Sources */ = {isa = PBXBuildFile; fileRef = C779C3C322F0EA1900EE2541 /* SNTPolicyProcessor.m */; };
		C779C4FC22F0F6BC00EE2541 /* SNTSyncdQueue.m in Sources */ = {isa = PBXBuildFile; fileRef = C779C3C222F0EA1900EE2541 /* SNTSyncdQueue.m */; };
		C78B793C22F20FA1007B357B /* SNTFileInfo.m in Sources */ = {isa = PBXBuildFile; fileRef = C779C42522F0EA1A00EE2541 /* SNTFileInfo.m */; };
		C78B793D22F20FA6007B357B /* SNTStoredEvent.m in Sources */ = {isa = PBXBuildFile; fileRef = C779C43222F0EA1A00EE2541 /* SNTStoredEvent.m */; };
		C78B793E22F20FAA007B357B /* SNTXPCNotifierInterface.m in Sources */ = {isa = PBXBuildFile; fileRef = C779C42422F0EA1A00EE2541 /* SNTXPCNotifierInterface.m */; };
		C78B793F22F2209F007B357B /* SNTXPCProxyInterface.m in Sources */ = {isa = PBXBuildFile; fileRef = C779C42B22F0EA1A00EE2541 /* SNTXPCProxyInterface.m */; };
		C78B794122F236E4007B357B /* SNTXPCBundleServiceInterface.m in Sources */ = {isa = PBXBuildFile; fileRef = C779C4D622F0EF2800EE2541 /* SNTXPCBundleServiceInterface.m */; };
		C78B794222F236F3007B357B /* SNTStoredEvent.m in Sources */ = {isa = PBXBuildFile; fileRef = C779C43222F0EA1A00EE2541 /* SNTStoredEvent.m */; };
		C792F26522F206FB00B1DBBD /* main.m in Sources */ = {isa = PBXBuildFile; fileRef = C779C44B22F0EA1A00EE2541 /* main.m */; };
		C792F26622F206FE00B1DBBD /* SNTXPCProxy.m in Sources */ = {isa = PBXBuildFile; fileRef = C779C44922F0EA1A00EE2541 /* SNTXPCProxy.m */; };
		C7A8306C22F0F71E00F856AC /* SNTLogging.m in Sources */ = {isa = PBXBuildFile; fileRef = C779C42E22F0EA1A00EE2541 /* SNTLogging.m */; };
		C7A8306D22F0F72600F856AC /* SNTRule.m in Sources */ = {isa = PBXBuildFile; fileRef = C779C41E22F0EA1A00EE2541 /* SNTRule.m */; };
		C7A8306E22F0F73600F856AC /* SNTBlockMessage.m in Sources */ = {isa = PBXBuildFile; fileRef = C779C41D22F0EA1A00EE2541 /* SNTBlockMessage.m */; };
		C7A8306F22F0F73A00F856AC /* SNTCachedDecision.m in Sources */ = {isa = PBXBuildFile; fileRef = C779C41922F0EA1A00EE2541 /* SNTCachedDecision.m */; };
		C7A8307022F0F74600F856AC /* SNTConfigurator.m in Sources */ = {isa = PBXBuildFile; fileRef = C779C42222F0EA1A00EE2541 /* SNTConfigurator.m */; };
		C7A8307122F0F74B00F856AC /* SNTFileInfo.m in Sources */ = {isa = PBXBuildFile; fileRef = C779C42522F0EA1A00EE2541 /* SNTFileInfo.m */; };
		C7A8307222F0F75B00F856AC /* SNTStoredEvent.m in Sources */ = {isa = PBXBuildFile; fileRef = C779C43222F0EA1A00EE2541 /* SNTStoredEvent.m */; };
		C7A8307322F0F75F00F856AC /* SNTSystemInfo.m in Sources */ = {isa = PBXBuildFile; fileRef = C779C42622F0EA1A00EE2541 /* SNTSystemInfo.m */; };
		C7A8307422F0F76B00F856AC /* SNTXPCBundleServiceInterface.m in Sources */ = {isa = PBXBuildFile; fileRef = C779C4D622F0EF2800EE2541 /* SNTXPCBundleServiceInterface.m */; };
		C7A8307522F0F76D00F856AC /* SNTXPCControlInterface.m in Sources */ = {isa = PBXBuildFile; fileRef = C779C42022F0EA1A00EE2541 /* SNTXPCControlInterface.m */; };
		C7A8307722F0F77900F856AC /* SNTXPCSyncdInterface.m in Sources */ = {isa = PBXBuildFile; fileRef = C779C41722F0EA1A00EE2541 /* SNTXPCSyncdInterface.m */; };
		C7A8307822F0F77B00F856AC /* SNTXPCProxyInterface.m in Sources */ = {isa = PBXBuildFile; fileRef = C779C42B22F0EA1A00EE2541 /* SNTXPCProxyInterface.m */; };
		C7A8307922F0F77D00F856AC /* SNTXPCProxyInterface.m in Sources */ = {isa = PBXBuildFile; fileRef = C779C42B22F0EA1A00EE2541 /* SNTXPCProxyInterface.m */; };
		C7A8307A22F0F78000F856AC /* SNTXPCUnprivilegedControlInterface.m in Sources */ = {isa = PBXBuildFile; fileRef = C779C41B22F0EA1A00EE2541 /* SNTXPCUnprivilegedControlInterface.m */; };
		C7A8307B22F0F79000F856AC /* SNTXPCNotifierInterface.m in Sources */ = {isa = PBXBuildFile; fileRef = C779C42422F0EA1A00EE2541 /* SNTXPCNotifierInterface.m */; };
		C7E1192222F20DB20014F202 /* santabundleservice.xpc in Embed XPC Services */ = {isa = PBXBuildFile; fileRef = C7E1191722F20DB20014F202 /* santabundleservice.xpc */; settings = {ATTRIBUTES = (RemoveHeadersOnCopy, ); }; };
		C7E1193522F20F5C0014F202 /* SNTXPCBundleServiceInterface.m in Sources */ = {isa = PBXBuildFile; fileRef = C779C4D622F0EF2800EE2541 /* SNTXPCBundleServiceInterface.m */; };
		C7E1193622F20F650014F202 /* main.m in Sources */ = {isa = PBXBuildFile; fileRef = C7E1192C22F20E660014F202 /* main.m */; };
		C7E1193722F20F680014F202 /* SNTBundleService.m in Sources */ = {isa = PBXBuildFile; fileRef = C7E1192822F20E660014F202 /* SNTBundleService.m */; };
		F5F5D1EF2AF051FEA97A3A59 /* libPods-sysx.a in Frameworks */ = {isa = PBXBuildFile; fileRef = 91FF0B4E62F1E90A88478993 /* libPods-sysx.a */; };
/* End PBXBuildFile section */

/* Begin PBXContainerItemProxy section */
		C7E1192022F20DB20014F202 /* PBXContainerItemProxy */ = {
			isa = PBXContainerItemProxy;
			containerPortal = C779C2D622F0E95000EE2541 /* Project object */;
			proxyType = 1;
			remoteGlobalIDString = C7E1191622F20DB20014F202;
			remoteInfo = santabundleservice;
		};
/* End PBXContainerItemProxy section */

/* Begin PBXCopyFilesBuildPhase section */
		C71E472E22F0F96C00921CD9 /* CopyFiles */ = {
			isa = PBXCopyFilesBuildPhase;
			buildActionMask = 2147483647;
			dstPath = "";
			dstSubfolderSpec = 6;
			files = (
				C71E472F22F0F97B00921CD9 /* santad in CopyFiles */,
			);
			runOnlyForDeploymentPostprocessing = 0;
		};
		C71E473022F0FA9200921CD9 /* CopyFiles */ = {
			isa = PBXCopyFilesBuildPhase;
			buildActionMask = 2147483647;
			dstPath = "$(SYSTEM_EXTENSIONS_FOLDER_PATH)";
			dstSubfolderSpec = 16;
			files = (
				C71E473122F0FAA100921CD9 /* com.google.santa.daemon.systemextension in CopyFiles */,
			);
			runOnlyForDeploymentPostprocessing = 0;
		};
		C77179CA22F207A80047DF1A /* CopyFiles */ = {
			isa = PBXCopyFilesBuildPhase;
			buildActionMask = 2147483647;
			dstPath = "";
			dstSubfolderSpec = 6;
			files = (
				C77179CB22F207B80047DF1A /* santaxpcproxy in CopyFiles */,
			);
			runOnlyForDeploymentPostprocessing = 0;
		};
		C779C4E422F0F51400EE2541 /* CopyFiles */ = {
			isa = PBXCopyFilesBuildPhase;
			buildActionMask = 2147483647;
			dstPath = /usr/share/man/man1/;
			dstSubfolderSpec = 0;
			files = (
			);
			runOnlyForDeploymentPostprocessing = 1;
		};
		C792F25A22F206A800B1DBBD /* CopyFiles */ = {
			isa = PBXCopyFilesBuildPhase;
			buildActionMask = 2147483647;
			dstPath = /usr/share/man/man1/;
			dstSubfolderSpec = 0;
			files = (
			);
			runOnlyForDeploymentPostprocessing = 1;
		};
		C7E1192622F20DB20014F202 /* Embed XPC Services */ = {
			isa = PBXCopyFilesBuildPhase;
			buildActionMask = 2147483647;
			dstPath = "$(CONTENTS_FOLDER_PATH)/XPCServices";
			dstSubfolderSpec = 16;
			files = (
				C7E1192222F20DB20014F202 /* santabundleservice.xpc in Embed XPC Services */,
			);
			name = "Embed XPC Services";
			runOnlyForDeploymentPostprocessing = 0;
		};
/* End PBXCopyFilesBuildPhase section */

/* Begin PBXFileReference section */
		18183794C94BAEAD167B12EC /* Pods-santad.debug.xcconfig */ = {isa = PBXFileReference; includeInIndex = 1; lastKnownFileType = text.xcconfig; name = "Pods-santad.debug.xcconfig"; path = "Target Support Files/Pods-santad/Pods-santad.debug.xcconfig"; sourceTree = "<group>"; };
		24CDFD218D8B35E34895AA6A /* libPods-santaxpcproxy.a */ = {isa = PBXFileReference; explicitFileType = archive.ar; includeInIndex = 0; path = "libPods-santaxpcproxy.a"; sourceTree = BUILT_PRODUCTS_DIR; };
		2A55D73A235850B9FA991865 /* libPods-santabundleservice.a */ = {isa = PBXFileReference; explicitFileType = archive.ar; includeInIndex = 0; path = "libPods-santabundleservice.a"; sourceTree = BUILT_PRODUCTS_DIR; };
		3700D40B536CA7F626B76156 /* libPods-santad.a */ = {isa = PBXFileReference; explicitFileType = archive.ar; includeInIndex = 0; path = "libPods-santad.a"; sourceTree = BUILT_PRODUCTS_DIR; };
		4C3E743944A9D77423AA1534 /* libPods-Santa.a */ = {isa = PBXFileReference; explicitFileType = archive.ar; includeInIndex = 0; path = "libPods-Santa.a"; sourceTree = BUILT_PRODUCTS_DIR; };
		7AF15DF785BAA0EAB0BE340D /* Pods-santad.release.xcconfig */ = {isa = PBXFileReference; includeInIndex = 1; lastKnownFileType = text.xcconfig; name = "Pods-santad.release.xcconfig"; path = "Target Support Files/Pods-santad/Pods-santad.release.xcconfig"; sourceTree = "<group>"; };
		91FF0B4E62F1E90A88478993 /* libPods-sysx.a */ = {isa = PBXFileReference; explicitFileType = archive.ar; includeInIndex = 0; path = "libPods-sysx.a"; sourceTree = BUILT_PRODUCTS_DIR; };
		C05543B3701F50CA798B4B11 /* Pods-sysx.release.xcconfig */ = {isa = PBXFileReference; includeInIndex = 1; lastKnownFileType = text.xcconfig; name = "Pods-sysx.release.xcconfig"; path = "Target Support Files/Pods-sysx/Pods-sysx.release.xcconfig"; sourceTree = "<group>"; };
		C779C2DE22F0E95000EE2541 /* Santa.app */ = {isa = PBXFileReference; explicitFileType = wrapper.application; includeInIndex = 0; path = Santa.app; sourceTree = BUILT_PRODUCTS_DIR; };
		C779C3AD22F0EA1900EE2541 /* SNTApplication.m */ = {isa = PBXFileReference; fileEncoding = 4; lastKnownFileType = sourcecode.c.objc; path = SNTApplication.m; sourceTree = "<group>"; };
		C779C3AE22F0EA1900EE2541 /* SNTCompilerController.h */ = {isa = PBXFileReference; fileEncoding = 4; lastKnownFileType = sourcecode.c.h; path = SNTCompilerController.h; sourceTree = "<group>"; };
		C779C3AF22F0EA1900EE2541 /* SNTDaemonControlController.m */ = {isa = PBXFileReference; fileEncoding = 4; lastKnownFileType = sourcecode.c.objc; path = SNTDaemonControlController.m; sourceTree = "<group>"; };
		C779C3B022F0EA1900EE2541 /* SNTDatabaseController.h */ = {isa = PBXFileReference; fileEncoding = 4; lastKnownFileType = sourcecode.c.h; path = SNTDatabaseController.h; sourceTree = "<group>"; };
		C779C3B122F0EA1900EE2541 /* SNTPolicyProcessor.h */ = {isa = PBXFileReference; fileEncoding = 4; lastKnownFileType = sourcecode.c.h; path = SNTPolicyProcessor.h; sourceTree = "<group>"; };
		C779C3B222F0EA1900EE2541 /* SNTSyncdQueue.h */ = {isa = PBXFileReference; fileEncoding = 4; lastKnownFileType = sourcecode.c.h; path = SNTSyncdQueue.h; sourceTree = "<group>"; };
		C779C3B422F0EA1900EE2541 /* santad.entitlements */ = {isa = PBXFileReference; fileEncoding = 4; lastKnownFileType = text.plist.entitlements; path = santad.entitlements; sourceTree = "<group>"; };
		C779C3B522F0EA1900EE2541 /* santad-Info.plist */ = {isa = PBXFileReference; fileEncoding = 4; lastKnownFileType = text.plist.xml; path = "santad-Info.plist"; sourceTree = "<group>"; };
		C779C3B622F0EA1900EE2541 /* SNTDriverManager.h */ = {isa = PBXFileReference; fileEncoding = 4; lastKnownFileType = sourcecode.c.h; path = SNTDriverManager.h; sourceTree = "<group>"; };
		C779C3B722F0EA1900EE2541 /* SNTExecutionController.m */ = {isa = PBXFileReference; fileEncoding = 4; lastKnownFileType = sourcecode.c.objc; path = SNTExecutionController.m; sourceTree = "<group>"; };
		C779C3B822F0EA1900EE2541 /* SNTNotificationQueue.m */ = {isa = PBXFileReference; fileEncoding = 4; lastKnownFileType = sourcecode.c.objc; path = SNTNotificationQueue.m; sourceTree = "<group>"; };
		C779C3B922F0EA1900EE2541 /* SNTApplication.h */ = {isa = PBXFileReference; fileEncoding = 4; lastKnownFileType = sourcecode.c.h; path = SNTApplication.h; sourceTree = "<group>"; };
		C779C3BB22F0EA1900EE2541 /* SNTEventLog.h */ = {isa = PBXFileReference; fileEncoding = 4; lastKnownFileType = sourcecode.c.h; path = SNTEventLog.h; sourceTree = "<group>"; };
		C779C3BC22F0EA1900EE2541 /* SNTSyslogEventLog.h */ = {isa = PBXFileReference; fileEncoding = 4; lastKnownFileType = sourcecode.c.h; path = SNTSyslogEventLog.h; sourceTree = "<group>"; };
		C779C3BD22F0EA1900EE2541 /* SNTFileEventLog.h */ = {isa = PBXFileReference; fileEncoding = 4; lastKnownFileType = sourcecode.c.h; path = SNTFileEventLog.h; sourceTree = "<group>"; };
		C779C3BE22F0EA1900EE2541 /* SNTFileEventLog.m */ = {isa = PBXFileReference; fileEncoding = 4; lastKnownFileType = sourcecode.c.objc; path = SNTFileEventLog.m; sourceTree = "<group>"; };
		C779C3BF22F0EA1900EE2541 /* SNTSyslogEventLog.m */ = {isa = PBXFileReference; fileEncoding = 4; lastKnownFileType = sourcecode.c.objc; path = SNTSyslogEventLog.m; sourceTree = "<group>"; };
		C779C3C022F0EA1900EE2541 /* SNTEventLog.m */ = {isa = PBXFileReference; fileEncoding = 4; lastKnownFileType = sourcecode.c.objc; path = SNTEventLog.m; sourceTree = "<group>"; };
		C779C3C122F0EA1900EE2541 /* main.m */ = {isa = PBXFileReference; fileEncoding = 4; lastKnownFileType = sourcecode.c.objc; path = main.m; sourceTree = "<group>"; };
		C779C3C222F0EA1900EE2541 /* SNTSyncdQueue.m */ = {isa = PBXFileReference; fileEncoding = 4; lastKnownFileType = sourcecode.c.objc; path = SNTSyncdQueue.m; sourceTree = "<group>"; };
		C779C3C322F0EA1900EE2541 /* SNTPolicyProcessor.m */ = {isa = PBXFileReference; fileEncoding = 4; lastKnownFileType = sourcecode.c.objc; path = SNTPolicyProcessor.m; sourceTree = "<group>"; };
		C779C3C422F0EA1900EE2541 /* SNTDatabaseController.m */ = {isa = PBXFileReference; fileEncoding = 4; lastKnownFileType = sourcecode.c.objc; path = SNTDatabaseController.m; sourceTree = "<group>"; };
		C779C3C522F0EA1900EE2541 /* SNTDaemonControlController.h */ = {isa = PBXFileReference; fileEncoding = 4; lastKnownFileType = sourcecode.c.h; path = SNTDaemonControlController.h; sourceTree = "<group>"; };
		C779C3C622F0EA1900EE2541 /* SNTCompilerController.m */ = {isa = PBXFileReference; fileEncoding = 4; lastKnownFileType = sourcecode.c.objc; path = SNTCompilerController.m; sourceTree = "<group>"; };
		C779C3C722F0EA1900EE2541 /* SNTDriverManager.m */ = {isa = PBXFileReference; fileEncoding = 4; lastKnownFileType = sourcecode.c.objc; path = SNTDriverManager.m; sourceTree = "<group>"; };
		C779C3C822F0EA1900EE2541 /* BUILD */ = {isa = PBXFileReference; fileEncoding = 4; lastKnownFileType = text; path = BUILD; sourceTree = "<group>"; };
		C779C3CA22F0EA1900EE2541 /* SNTEventTableTest.m */ = {isa = PBXFileReference; fileEncoding = 4; lastKnownFileType = sourcecode.c.objc; path = SNTEventTableTest.m; sourceTree = "<group>"; };
		C779C3CB22F0EA1900EE2541 /* SNTRuleTableTest.m */ = {isa = PBXFileReference; fileEncoding = 4; lastKnownFileType = sourcecode.c.objc; path = SNTRuleTableTest.m; sourceTree = "<group>"; };
		C779C3CC22F0EA1900EE2541 /* SNTDatabaseTable.h */ = {isa = PBXFileReference; fileEncoding = 4; lastKnownFileType = sourcecode.c.h; path = SNTDatabaseTable.h; sourceTree = "<group>"; };
		C779C3CD22F0EA1900EE2541 /* SNTEventTable.h */ = {isa = PBXFileReference; fileEncoding = 4; lastKnownFileType = sourcecode.c.h; path = SNTEventTable.h; sourceTree = "<group>"; };
		C779C3CE22F0EA1900EE2541 /* SNTRuleTable.h */ = {isa = PBXFileReference; fileEncoding = 4; lastKnownFileType = sourcecode.c.h; path = SNTRuleTable.h; sourceTree = "<group>"; };
		C779C3CF22F0EA1900EE2541 /* SNTDatabaseTable.m */ = {isa = PBXFileReference; fileEncoding = 4; lastKnownFileType = sourcecode.c.objc; path = SNTDatabaseTable.m; sourceTree = "<group>"; };
		C779C3D022F0EA1900EE2541 /* SNTRuleTable.m */ = {isa = PBXFileReference; fileEncoding = 4; lastKnownFileType = sourcecode.c.objc; path = SNTRuleTable.m; sourceTree = "<group>"; };
		C779C3D122F0EA1900EE2541 /* SNTEventTable.m */ = {isa = PBXFileReference; fileEncoding = 4; lastKnownFileType = sourcecode.c.objc; path = SNTEventTable.m; sourceTree = "<group>"; };
		C779C3D222F0EA1900EE2541 /* SNTExecutionControllerTest.m */ = {isa = PBXFileReference; fileEncoding = 4; lastKnownFileType = sourcecode.c.objc; path = SNTExecutionControllerTest.m; sourceTree = "<group>"; };
		C779C3D322F0EA1900EE2541 /* SNTNotificationQueue.h */ = {isa = PBXFileReference; fileEncoding = 4; lastKnownFileType = sourcecode.c.h; path = SNTNotificationQueue.h; sourceTree = "<group>"; };
		C779C3D422F0EA1900EE2541 /* SNTExecutionController.h */ = {isa = PBXFileReference; fileEncoding = 4; lastKnownFileType = sourcecode.c.h; path = SNTExecutionController.h; sourceTree = "<group>"; };
		C779C3D922F0EA1900EE2541 /* SNTCommand.m */ = {isa = PBXFileReference; fileEncoding = 4; lastKnownFileType = sourcecode.c.objc; path = SNTCommand.m; sourceTree = "<group>"; };
		C779C3DA22F0EA1900EE2541 /* SNTCommandController.m */ = {isa = PBXFileReference; fileEncoding = 4; lastKnownFileType = sourcecode.c.objc; path = SNTCommandController.m; sourceTree = "<group>"; };
		C779C3DB22F0EA1900EE2541 /* main.m */ = {isa = PBXFileReference; fileEncoding = 4; lastKnownFileType = sourcecode.c.objc; path = main.m; sourceTree = "<group>"; };
		C779C3DD22F0EA1900EE2541 /* SNTCommandFileInfoTest.m */ = {isa = PBXFileReference; fileEncoding = 4; lastKnownFileType = sourcecode.c.objc; path = SNTCommandFileInfoTest.m; sourceTree = "<group>"; };
		C779C3DE22F0EA1900EE2541 /* SNTCommandFlushCache.m */ = {isa = PBXFileReference; fileEncoding = 4; lastKnownFileType = sourcecode.c.objc; path = SNTCommandFlushCache.m; sourceTree = "<group>"; };
		C779C3DF22F0EA1900EE2541 /* SNTCommandFileInfo.m */ = {isa = PBXFileReference; fileEncoding = 4; lastKnownFileType = sourcecode.c.objc; path = SNTCommandFileInfo.m; sourceTree = "<group>"; };
		C779C3E022F0EA1900EE2541 /* SNTCommandBundleInfo.m */ = {isa = PBXFileReference; fileEncoding = 4; lastKnownFileType = sourcecode.c.objc; path = SNTCommandBundleInfo.m; sourceTree = "<group>"; };
		C779C3E122F0EA1900EE2541 /* SNTCommandVersion.m */ = {isa = PBXFileReference; fileEncoding = 4; lastKnownFileType = sourcecode.c.objc; path = SNTCommandVersion.m; sourceTree = "<group>"; };
		C779C3E222F0EA1900EE2541 /* SNTCommandCheckCache.m */ = {isa = PBXFileReference; fileEncoding = 4; lastKnownFileType = sourcecode.c.objc; path = SNTCommandCheckCache.m; sourceTree = "<group>"; };
		C779C3E322F0EA1900EE2541 /* SNTCommandCacheHistogram.m */ = {isa = PBXFileReference; fileEncoding = 4; lastKnownFileType = sourcecode.c.objc; path = SNTCommandCacheHistogram.m; sourceTree = "<group>"; };
		C779C3E522F0EA1900EE2541 /* SNTCommandSyncPreflight.h */ = {isa = PBXFileReference; fileEncoding = 4; lastKnownFileType = sourcecode.c.h; path = SNTCommandSyncPreflight.h; sourceTree = "<group>"; };
		C779C3E622F0EA1900EE2541 /* SNTCommandSyncConstants.h */ = {isa = PBXFileReference; fileEncoding = 4; lastKnownFileType = sourcecode.c.h; path = SNTCommandSyncConstants.h; sourceTree = "<group>"; };
		C779C3E822F0EA1900EE2541 /* sync_ruledownload_batch1.json */ = {isa = PBXFileReference; fileEncoding = 4; lastKnownFileType = text.json; path = sync_ruledownload_batch1.json; sourceTree = "<group>"; };
		C779C3E922F0EA1900EE2541 /* sync_preflight_basic.json */ = {isa = PBXFileReference; fileEncoding = 4; lastKnownFileType = text.json; path = sync_preflight_basic.json; sourceTree = "<group>"; };
		C779C3EA22F0EA1900EE2541 /* sync_preflight_lockdown.json */ = {isa = PBXFileReference; fileEncoding = 4; lastKnownFileType = text.json; path = sync_preflight_lockdown.json; sourceTree = "<group>"; };
		C779C3EB22F0EA1900EE2541 /* sync_eventupload_input_quarantine.plist */ = {isa = PBXFileReference; fileEncoding = 4; lastKnownFileType = text.plist.xml; path = sync_eventupload_input_quarantine.plist; sourceTree = "<group>"; };
		C779C3EC22F0EA1900EE2541 /* sync_eventupload_input_basic.plist */ = {isa = PBXFileReference; fileEncoding = 4; lastKnownFileType = text.plist.xml; path = sync_eventupload_input_basic.plist; sourceTree = "<group>"; };
		C779C3ED22F0EA1900EE2541 /* sync_ruledownload_batch2.json */ = {isa = PBXFileReference; fileEncoding = 4; lastKnownFileType = text.json; path = sync_ruledownload_batch2.json; sourceTree = "<group>"; };
		C779C3EE22F0EA1900EE2541 /* SNTCommandSyncEventUpload.h */ = {isa = PBXFileReference; fileEncoding = 4; lastKnownFileType = sourcecode.c.h; path = SNTCommandSyncEventUpload.h; sourceTree = "<group>"; };
		C779C3EF22F0EA1900EE2541 /* NSData+Zlib.m */ = {isa = PBXFileReference; fileEncoding = 4; lastKnownFileType = sourcecode.c.objc; path = "NSData+Zlib.m"; sourceTree = "<group>"; };
		C779C3F022F0EA1900EE2541 /* SNTCommandSyncRuleDownload.m */ = {isa = PBXFileReference; fileEncoding = 4; lastKnownFileType = sourcecode.c.objc; path = SNTCommandSyncRuleDownload.m; sourceTree = "<group>"; };
		C779C3F122F0EA1900EE2541 /* SNTCommandSyncState.h */ = {isa = PBXFileReference; fileEncoding = 4; lastKnownFileType = sourcecode.c.h; path = SNTCommandSyncState.h; sourceTree = "<group>"; };
		C779C3F222F0EA1900EE2541 /* SNTCommandSyncStage.h */ = {isa = PBXFileReference; fileEncoding = 4; lastKnownFileType = sourcecode.c.h; path = SNTCommandSyncStage.h; sourceTree = "<group>"; };
		C779C3F322F0EA1900EE2541 /* SNTCommandSyncPostflight.h */ = {isa = PBXFileReference; fileEncoding = 4; lastKnownFileType = sourcecode.c.h; path = SNTCommandSyncPostflight.h; sourceTree = "<group>"; };
		C779C3F422F0EA1900EE2541 /* SNTCommandSyncManager.h */ = {isa = PBXFileReference; fileEncoding = 4; lastKnownFileType = sourcecode.c.h; path = SNTCommandSyncManager.h; sourceTree = "<group>"; };
		C779C3F522F0EA1900EE2541 /* SNTCommandSync.m */ = {isa = PBXFileReference; fileEncoding = 4; lastKnownFileType = sourcecode.c.objc; path = SNTCommandSync.m; sourceTree = "<group>"; };
		C779C3F622F0EA1900EE2541 /* NSData+Zlib.h */ = {isa = PBXFileReference; fileEncoding = 4; lastKnownFileType = sourcecode.c.h; path = "NSData+Zlib.h"; sourceTree = "<group>"; };
		C779C3F722F0EA1900EE2541 /* SNTCommandSyncEventUpload.m */ = {isa = PBXFileReference; fileEncoding = 4; lastKnownFileType = sourcecode.c.objc; path = SNTCommandSyncEventUpload.m; sourceTree = "<group>"; };
		C779C3F822F0EA1900EE2541 /* SNTCommandSyncConstants.m */ = {isa = PBXFileReference; fileEncoding = 4; lastKnownFileType = sourcecode.c.objc; path = SNTCommandSyncConstants.m; sourceTree = "<group>"; };
		C779C3F922F0EA1900EE2541 /* SNTCommandSyncPreflight.m */ = {isa = PBXFileReference; fileEncoding = 4; lastKnownFileType = sourcecode.c.objc; path = SNTCommandSyncPreflight.m; sourceTree = "<group>"; };
		C779C3FA22F0EA1900EE2541 /* SNTCommandSyncState.m */ = {isa = PBXFileReference; fileEncoding = 4; lastKnownFileType = sourcecode.c.objc; path = SNTCommandSyncState.m; sourceTree = "<group>"; };
		C779C3FB22F0EA1900EE2541 /* SNTCommandSyncRuleDownload.h */ = {isa = PBXFileReference; fileEncoding = 4; lastKnownFileType = sourcecode.c.h; path = SNTCommandSyncRuleDownload.h; sourceTree = "<group>"; };
		C779C3FC22F0EA1900EE2541 /* SNTCommandSyncPostflight.m */ = {isa = PBXFileReference; fileEncoding = 4; lastKnownFileType = sourcecode.c.objc; path = SNTCommandSyncPostflight.m; sourceTree = "<group>"; };
		C779C3FD22F0EA1900EE2541 /* SNTCommandSyncStage.m */ = {isa = PBXFileReference; fileEncoding = 4; lastKnownFileType = sourcecode.c.objc; path = SNTCommandSyncStage.m; sourceTree = "<group>"; };
		C779C3FE22F0EA1900EE2541 /* SNTCommandSyncTest.m */ = {isa = PBXFileReference; fileEncoding = 4; lastKnownFileType = sourcecode.c.objc; path = SNTCommandSyncTest.m; sourceTree = "<group>"; };
		C779C3FF22F0EA1900EE2541 /* SNTCommandSyncManager.m */ = {isa = PBXFileReference; fileEncoding = 4; lastKnownFileType = sourcecode.c.objc; path = SNTCommandSyncManager.m; sourceTree = "<group>"; };
		C779C40022F0EA1900EE2541 /* SNTCommandRule.m */ = {isa = PBXFileReference; fileEncoding = 4; lastKnownFileType = sourcecode.c.objc; path = SNTCommandRule.m; sourceTree = "<group>"; };
		C779C40122F0EA1900EE2541 /* SNTCommandStatus.m */ = {isa = PBXFileReference; fileEncoding = 4; lastKnownFileType = sourcecode.c.objc; path = SNTCommandStatus.m; sourceTree = "<group>"; };
		C779C40222F0EA1900EE2541 /* BUILD */ = {isa = PBXFileReference; fileEncoding = 4; lastKnownFileType = text; path = BUILD; sourceTree = "<group>"; };
		C779C40322F0EA1900EE2541 /* SNTCommandController.h */ = {isa = PBXFileReference; fileEncoding = 4; lastKnownFileType = sourcecode.c.h; path = SNTCommandController.h; sourceTree = "<group>"; };
		C779C40422F0EA1900EE2541 /* SNTCommand.h */ = {isa = PBXFileReference; fileEncoding = 4; lastKnownFileType = sourcecode.c.h; path = SNTCommand.h; sourceTree = "<group>"; };
		C779C40522F0EA1900EE2541 /* Info.plist */ = {isa = PBXFileReference; fileEncoding = 4; lastKnownFileType = text.plist.xml; path = Info.plist; sourceTree = "<group>"; };
		C779C40722F0EA1900EE2541 /* SNTXPCNotifierInterface.h */ = {isa = PBXFileReference; fileEncoding = 4; lastKnownFileType = sourcecode.c.h; path = SNTXPCNotifierInterface.h; sourceTree = "<group>"; };
		C779C40822F0EA1900EE2541 /* SNTConfigurator.h */ = {isa = PBXFileReference; fileEncoding = 4; lastKnownFileType = sourcecode.c.h; path = SNTConfigurator.h; sourceTree = "<group>"; };
		C779C40A22F0EA1900EE2541 /* missing_pagezero */ = {isa = PBXFileReference; lastKnownFileType = "compiled.mach-o.executable"; path = missing_pagezero; sourceTree = "<group>"; };
		C779C40B22F0EA1900EE2541 /* bad_pagezero */ = {isa = PBXFileReference; lastKnownFileType = "compiled.mach-o.executable"; path = bad_pagezero; sourceTree = "<group>"; };
		C779C40C22F0EA1900EE2541 /* BundleExample.app */ = {isa = PBXFileReference; lastKnownFileType = wrapper.application; path = BundleExample.app; sourceTree = "<group>"; };
		C779C41022F0EA1A00EE2541 /* DirectoryBundle */ = {isa = PBXFileReference; lastKnownFileType = "compiled.mach-o.executable"; path = DirectoryBundle; sourceTree = "<group>"; };
		C779C41222F0EA1A00EE2541 /* BundleExample.app */ = {isa = PBXFileReference; lastKnownFileType = wrapper.application; path = BundleExample.app; sourceTree = "<group>"; };
		C779C41322F0EA1A00EE2541 /* Info.plist */ = {isa = PBXFileReference; fileEncoding = 4; lastKnownFileType = text.plist.xml; path = Info.plist; sourceTree = "<group>"; };
		C779C41422F0EA1A00EE2541 /* SNTCommonEnums.h */ = {isa = PBXFileReference; fileEncoding = 4; lastKnownFileType = sourcecode.c.h; path = SNTCommonEnums.h; sourceTree = "<group>"; };
		C779C41522F0EA1A00EE2541 /* SNTSystemInfo.h */ = {isa = PBXFileReference; fileEncoding = 4; lastKnownFileType = sourcecode.c.h; path = SNTSystemInfo.h; sourceTree = "<group>"; };
		C779C41622F0EA1A00EE2541 /* SNTFileInfo.h */ = {isa = PBXFileReference; fileEncoding = 4; lastKnownFileType = sourcecode.c.h; path = SNTFileInfo.h; sourceTree = "<group>"; };
		C779C41722F0EA1A00EE2541 /* SNTXPCSyncdInterface.m */ = {isa = PBXFileReference; fileEncoding = 4; lastKnownFileType = sourcecode.c.objc; path = SNTXPCSyncdInterface.m; sourceTree = "<group>"; };
		C779C41822F0EA1A00EE2541 /* SNTStrengthify.h */ = {isa = PBXFileReference; fileEncoding = 4; lastKnownFileType = sourcecode.c.h; path = SNTStrengthify.h; sourceTree = "<group>"; };
		C779C41922F0EA1A00EE2541 /* SNTCachedDecision.m */ = {isa = PBXFileReference; fileEncoding = 4; lastKnownFileType = sourcecode.c.objc; path = SNTCachedDecision.m; sourceTree = "<group>"; };
		C779C41A22F0EA1A00EE2541 /* SNTXPCProxyInterface.h */ = {isa = PBXFileReference; fileEncoding = 4; lastKnownFileType = sourcecode.c.h; path = SNTXPCProxyInterface.h; sourceTree = "<group>"; };
		C779C41B22F0EA1A00EE2541 /* SNTXPCUnprivilegedControlInterface.m */ = {isa = PBXFileReference; fileEncoding = 4; lastKnownFileType = sourcecode.c.objc; path = SNTXPCUnprivilegedControlInterface.m; sourceTree = "<group>"; };
		C779C41C22F0EA1A00EE2541 /* SNTDropRootPrivs.h */ = {isa = PBXFileReference; fileEncoding = 4; lastKnownFileType = sourcecode.c.h; path = SNTDropRootPrivs.h; sourceTree = "<group>"; };
		C779C41D22F0EA1A00EE2541 /* SNTBlockMessage.m */ = {isa = PBXFileReference; fileEncoding = 4; lastKnownFileType = sourcecode.c.objc; path = SNTBlockMessage.m; sourceTree = "<group>"; };
		C779C41E22F0EA1A00EE2541 /* SNTRule.m */ = {isa = PBXFileReference; fileEncoding = 4; lastKnownFileType = sourcecode.c.objc; path = SNTRule.m; sourceTree = "<group>"; };
		C779C41F22F0EA1A00EE2541 /* SNTStoredEvent.h */ = {isa = PBXFileReference; fileEncoding = 4; lastKnownFileType = sourcecode.c.h; path = SNTStoredEvent.h; sourceTree = "<group>"; };
		C779C42022F0EA1A00EE2541 /* SNTXPCControlInterface.m */ = {isa = PBXFileReference; fileEncoding = 4; lastKnownFileType = sourcecode.c.objc; path = SNTXPCControlInterface.m; sourceTree = "<group>"; };
		C779C42122F0EA1A00EE2541 /* SNTLogging.h */ = {isa = PBXFileReference; fileEncoding = 4; lastKnownFileType = sourcecode.c.h; path = SNTLogging.h; sourceTree = "<group>"; };
		C779C42222F0EA1A00EE2541 /* SNTConfigurator.m */ = {isa = PBXFileReference; fileEncoding = 4; lastKnownFileType = sourcecode.c.objc; path = SNTConfigurator.m; sourceTree = "<group>"; };
		C779C42322F0EA1A00EE2541 /* SNTKernelCommon.h */ = {isa = PBXFileReference; fileEncoding = 4; lastKnownFileType = sourcecode.c.h; path = SNTKernelCommon.h; sourceTree = "<group>"; };
		C779C42422F0EA1A00EE2541 /* SNTXPCNotifierInterface.m */ = {isa = PBXFileReference; fileEncoding = 4; lastKnownFileType = sourcecode.c.objc; path = SNTXPCNotifierInterface.m; sourceTree = "<group>"; };
		C779C42522F0EA1A00EE2541 /* SNTFileInfo.m */ = {isa = PBXFileReference; fileEncoding = 4; lastKnownFileType = sourcecode.c.objc; path = SNTFileInfo.m; sourceTree = "<group>"; };
		C779C42622F0EA1A00EE2541 /* SNTSystemInfo.m */ = {isa = PBXFileReference; fileEncoding = 4; lastKnownFileType = sourcecode.c.objc; path = SNTSystemInfo.m; sourceTree = "<group>"; };
		C779C42722F0EA1A00EE2541 /* SNTBlockMessage.h */ = {isa = PBXFileReference; fileEncoding = 4; lastKnownFileType = sourcecode.c.h; path = SNTBlockMessage.h; sourceTree = "<group>"; };
		C779C42822F0EA1A00EE2541 /* SNTDropRootPrivs.m */ = {isa = PBXFileReference; fileEncoding = 4; lastKnownFileType = sourcecode.c.objc; path = SNTDropRootPrivs.m; sourceTree = "<group>"; };
		C779C42922F0EA1A00EE2541 /* SNTXPCUnprivilegedControlInterface.h */ = {isa = PBXFileReference; fileEncoding = 4; lastKnownFileType = sourcecode.c.h; path = SNTXPCUnprivilegedControlInterface.h; sourceTree = "<group>"; };
		C779C42A22F0EA1A00EE2541 /* BUILD */ = {isa = PBXFileReference; fileEncoding = 4; lastKnownFileType = text; path = BUILD; sourceTree = "<group>"; };
		C779C42B22F0EA1A00EE2541 /* SNTXPCProxyInterface.m */ = {isa = PBXFileReference; fileEncoding = 4; lastKnownFileType = sourcecode.c.objc; path = SNTXPCProxyInterface.m; sourceTree = "<group>"; };
		C779C42C22F0EA1A00EE2541 /* SNTCachedDecision.h */ = {isa = PBXFileReference; fileEncoding = 4; lastKnownFileType = sourcecode.c.h; path = SNTCachedDecision.h; sourceTree = "<group>"; };
		C779C42D22F0EA1A00EE2541 /* SNTXPCSyncdInterface.h */ = {isa = PBXFileReference; fileEncoding = 4; lastKnownFileType = sourcecode.c.h; path = SNTXPCSyncdInterface.h; sourceTree = "<group>"; };
		C779C42E22F0EA1A00EE2541 /* SNTLogging.m */ = {isa = PBXFileReference; fileEncoding = 4; lastKnownFileType = sourcecode.c.objc; path = SNTLogging.m; sourceTree = "<group>"; };
		C779C42F22F0EA1A00EE2541 /* SNTFileInfoTest.m */ = {isa = PBXFileReference; fileEncoding = 4; lastKnownFileType = sourcecode.c.objc; path = SNTFileInfoTest.m; sourceTree = "<group>"; };
		C779C43022F0EA1A00EE2541 /* SNTXPCControlInterface.h */ = {isa = PBXFileReference; fileEncoding = 4; lastKnownFileType = sourcecode.c.h; path = SNTXPCControlInterface.h; sourceTree = "<group>"; };
		C779C43122F0EA1A00EE2541 /* SNTRule.h */ = {isa = PBXFileReference; fileEncoding = 4; lastKnownFileType = sourcecode.c.h; path = SNTRule.h; sourceTree = "<group>"; };
		C779C43222F0EA1A00EE2541 /* SNTStoredEvent.m */ = {isa = PBXFileReference; fileEncoding = 4; lastKnownFileType = sourcecode.c.objc; path = SNTStoredEvent.m; sourceTree = "<group>"; };
		C779C43422F0EA1A00EE2541 /* SNTMessageWindow.h */ = {isa = PBXFileReference; fileEncoding = 4; lastKnownFileType = sourcecode.c.h; path = SNTMessageWindow.h; sourceTree = "<group>"; };
		C779C43522F0EA1A00EE2541 /* SNTMessageWindowController.m */ = {isa = PBXFileReference; fileEncoding = 4; lastKnownFileType = sourcecode.c.objc; path = SNTMessageWindowController.m; sourceTree = "<group>"; };
		C779C43622F0EA1A00EE2541 /* SNTAccessibleTextField.m */ = {isa = PBXFileReference; fileEncoding = 4; lastKnownFileType = sourcecode.c.objc; path = SNTAccessibleTextField.m; sourceTree = "<group>"; };
		C779C43722F0EA1A00EE2541 /* SNTAboutWindowController.m */ = {isa = PBXFileReference; fileEncoding = 4; lastKnownFileType = sourcecode.c.objc; path = SNTAboutWindowController.m; sourceTree = "<group>"; };
		C779C43922F0EA1A00EE2541 /* Santa-Info.plist */ = {isa = PBXFileReference; fileEncoding = 4; lastKnownFileType = text.plist.xml; path = "Santa-Info.plist"; sourceTree = "<group>"; };
		C779C43A22F0EA1A00EE2541 /* MessageWindow.xib */ = {isa = PBXFileReference; fileEncoding = 4; lastKnownFileType = file.xib; path = MessageWindow.xib; sourceTree = "<group>"; };
		C779C43B22F0EA1A00EE2541 /* Santa.entitlements */ = {isa = PBXFileReference; fileEncoding = 4; lastKnownFileType = text.plist.entitlements; path = Santa.entitlements; sourceTree = "<group>"; };
		C779C43C22F0EA1A00EE2541 /* Images.xcassets */ = {isa = PBXFileReference; lastKnownFileType = folder.assetcatalog; path = Images.xcassets; sourceTree = "<group>"; };
		C779C43D22F0EA1A00EE2541 /* AboutWindow.xib */ = {isa = PBXFileReference; fileEncoding = 4; lastKnownFileType = file.xib; path = AboutWindow.xib; sourceTree = "<group>"; };
		C779C43E22F0EA1A00EE2541 /* SNTAppDelegate.m */ = {isa = PBXFileReference; fileEncoding = 4; lastKnownFileType = sourcecode.c.objc; path = SNTAppDelegate.m; sourceTree = "<group>"; };
		C779C43F22F0EA1A00EE2541 /* SNTNotificationManager.m */ = {isa = PBXFileReference; fileEncoding = 4; lastKnownFileType = sourcecode.c.objc; path = SNTNotificationManager.m; sourceTree = "<group>"; };
		C779C44022F0EA1A00EE2541 /* SNTMessageWindow.m */ = {isa = PBXFileReference; fileEncoding = 4; lastKnownFileType = sourcecode.c.objc; path = SNTMessageWindow.m; sourceTree = "<group>"; };
		C779C44122F0EA1A00EE2541 /* main.m */ = {isa = PBXFileReference; fileEncoding = 4; lastKnownFileType = sourcecode.c.objc; path = main.m; sourceTree = "<group>"; };
		C779C44222F0EA1A00EE2541 /* SNTMessageWindowController.h */ = {isa = PBXFileReference; fileEncoding = 4; lastKnownFileType = sourcecode.c.h; path = SNTMessageWindowController.h; sourceTree = "<group>"; };
		C779C44322F0EA1A00EE2541 /* SNTAboutWindowController.h */ = {isa = PBXFileReference; fileEncoding = 4; lastKnownFileType = sourcecode.c.h; path = SNTAboutWindowController.h; sourceTree = "<group>"; };
		C779C44422F0EA1A00EE2541 /* BUILD */ = {isa = PBXFileReference; fileEncoding = 4; lastKnownFileType = text; path = BUILD; sourceTree = "<group>"; };
		C779C44522F0EA1A00EE2541 /* SNTAccessibleTextField.h */ = {isa = PBXFileReference; fileEncoding = 4; lastKnownFileType = sourcecode.c.h; path = SNTAccessibleTextField.h; sourceTree = "<group>"; };
		C779C44622F0EA1A00EE2541 /* SNTNotificationManager.h */ = {isa = PBXFileReference; fileEncoding = 4; lastKnownFileType = sourcecode.c.h; path = SNTNotificationManager.h; sourceTree = "<group>"; };
		C779C44722F0EA1A00EE2541 /* SNTAppDelegate.h */ = {isa = PBXFileReference; fileEncoding = 4; lastKnownFileType = sourcecode.c.h; path = SNTAppDelegate.h; sourceTree = "<group>"; };
		C779C44922F0EA1A00EE2541 /* SNTXPCProxy.m */ = {isa = PBXFileReference; fileEncoding = 4; lastKnownFileType = sourcecode.c.objc; path = SNTXPCProxy.m; sourceTree = "<group>"; };
		C779C44A22F0EA1A00EE2541 /* SNTXPCProxy.h */ = {isa = PBXFileReference; fileEncoding = 4; lastKnownFileType = sourcecode.c.h; path = SNTXPCProxy.h; sourceTree = "<group>"; };
		C779C44B22F0EA1A00EE2541 /* main.m */ = {isa = PBXFileReference; fileEncoding = 4; lastKnownFileType = sourcecode.c.objc; path = main.m; sourceTree = "<group>"; };
		C779C45222F0EA1A00EE2541 /* main.cc */ = {isa = PBXFileReference; fileEncoding = 4; lastKnownFileType = sourcecode.cpp.cpp; path = main.cc; sourceTree = "<group>"; };
		C779C45322F0EA1A00EE2541 /* SantaDriverClient.cc */ = {isa = PBXFileReference; fileEncoding = 4; lastKnownFileType = sourcecode.cpp.cpp; path = SantaDriverClient.cc; sourceTree = "<group>"; };
		C779C45422F0EA1A00EE2541 /* SantaCacheTest.mm */ = {isa = PBXFileReference; fileEncoding = 4; lastKnownFileType = sourcecode.cpp.objcpp; path = SantaCacheTest.mm; sourceTree = "<group>"; };
		C779C45522F0EA1A00EE2541 /* SantaCache.h */ = {isa = PBXFileReference; fileEncoding = 4; lastKnownFileType = sourcecode.c.h; path = SantaCache.h; sourceTree = "<group>"; };
		C779C45622F0EA1A00EE2541 /* SantaDriverClient.h */ = {isa = PBXFileReference; fileEncoding = 4; lastKnownFileType = sourcecode.c.h; path = SantaDriverClient.h; sourceTree = "<group>"; };
		C779C45722F0EA1A00EE2541 /* SantaPrefixTreeTest.mm */ = {isa = PBXFileReference; fileEncoding = 4; lastKnownFileType = sourcecode.cpp.objcpp; path = SantaPrefixTreeTest.mm; sourceTree = "<group>"; };
		C779C45822F0EA1A00EE2541 /* SantaDriver.cc */ = {isa = PBXFileReference; fileEncoding = 4; lastKnownFileType = sourcecode.cpp.cpp; path = SantaDriver.cc; sourceTree = "<group>"; };
		C779C45922F0EA1A00EE2541 /* SantaDecisionManager.cc */ = {isa = PBXFileReference; fileEncoding = 4; lastKnownFileType = sourcecode.cpp.cpp; path = SantaDecisionManager.cc; sourceTree = "<group>"; };
		C779C45A22F0EA1A00EE2541 /* kernel_tests.mm */ = {isa = PBXFileReference; fileEncoding = 4; lastKnownFileType = sourcecode.cpp.objcpp; path = kernel_tests.mm; sourceTree = "<group>"; };
		C779C45B22F0EA1A00EE2541 /* SantaPrefixTree.cc */ = {isa = PBXFileReference; fileEncoding = 4; lastKnownFileType = sourcecode.cpp.cpp; path = SantaPrefixTree.cc; sourceTree = "<group>"; };
		C779C45C22F0EA1A00EE2541 /* BUILD */ = {isa = PBXFileReference; fileEncoding = 4; lastKnownFileType = text; path = BUILD; sourceTree = "<group>"; };
		C779C45D22F0EA1A00EE2541 /* SantaPrefixTree.h */ = {isa = PBXFileReference; fileEncoding = 4; lastKnownFileType = sourcecode.c.h; path = SantaPrefixTree.h; sourceTree = "<group>"; };
		C779C45E22F0EA1A00EE2541 /* Info.plist */ = {isa = PBXFileReference; fileEncoding = 4; lastKnownFileType = text.plist.xml; path = Info.plist; sourceTree = "<group>"; };
		C779C45F22F0EA1A00EE2541 /* SantaDriver.h */ = {isa = PBXFileReference; fileEncoding = 4; lastKnownFileType = sourcecode.c.h; path = SantaDriver.h; sourceTree = "<group>"; };
		C779C46022F0EA1A00EE2541 /* SantaDecisionManager.h */ = {isa = PBXFileReference; fileEncoding = 4; lastKnownFileType = sourcecode.c.h; path = SantaDecisionManager.h; sourceTree = "<group>"; };
		C779C4D622F0EF2800EE2541 /* SNTXPCBundleServiceInterface.m */ = {isa = PBXFileReference; fileEncoding = 4; lastKnownFileType = sourcecode.c.objc; path = SNTXPCBundleServiceInterface.m; sourceTree = "<group>"; };
		C779C4D722F0EF2800EE2541 /* SNTXPCBundleServiceInterface.h */ = {isa = PBXFileReference; fileEncoding = 4; lastKnownFileType = sourcecode.c.h; path = SNTXPCBundleServiceInterface.h; sourceTree = "<group>"; };
		C779C4E622F0F51400EE2541 /* santad */ = {isa = PBXFileReference; explicitFileType = "compiled.mach-o.executable"; includeInIndex = 0; path = santad; sourceTree = BUILT_PRODUCTS_DIR; };
		C792F25C22F206A800B1DBBD /* santaxpcproxy */ = {isa = PBXFileReference; explicitFileType = "compiled.mach-o.executable"; includeInIndex = 0; path = santaxpcproxy; sourceTree = BUILT_PRODUCTS_DIR; };
		C792F26422F206E600B1DBBD /* santaxpcproxy-Info.plist */ = {isa = PBXFileReference; lastKnownFileType = text.plist.xml; path = "santaxpcproxy-Info.plist"; sourceTree = "<group>"; };
		C7A8308022F0F81F00F856AC /* com.google.santa.daemon.systemextension */ = {isa = PBXFileReference; explicitFileType = wrapper.cfbundle; includeInIndex = 0; path = com.google.santa.daemon.systemextension; sourceTree = BUILT_PRODUCTS_DIR; };
		C7E1191222F209500014F202 /* com.google.santa.xpcproxy.plist */ = {isa = PBXFileReference; lastKnownFileType = text.plist.xml; path = com.google.santa.xpcproxy.plist; sourceTree = "<group>"; };
		C7E1191722F20DB20014F202 /* santabundleservice.xpc */ = {isa = PBXFileReference; explicitFileType = "wrapper.xpc-service"; includeInIndex = 0; path = santabundleservice.xpc; sourceTree = BUILT_PRODUCTS_DIR; };
		C7E1192822F20E660014F202 /* SNTBundleService.m */ = {isa = PBXFileReference; lastKnownFileType = sourcecode.c.objc; path = SNTBundleService.m; sourceTree = "<group>"; };
		C7E1192B22F20E660014F202 /* SNTBundleService.h */ = {isa = PBXFileReference; lastKnownFileType = sourcecode.c.h; path = SNTBundleService.h; sourceTree = "<group>"; };
		C7E1192C22F20E660014F202 /* main.m */ = {isa = PBXFileReference; lastKnownFileType = sourcecode.c.objc; path = main.m; sourceTree = "<group>"; };
		C7E1192D22F20E660014F202 /* BUILD */ = {isa = PBXFileReference; lastKnownFileType = text; path = BUILD; sourceTree = "<group>"; };
		C7E1192F22F20E660014F202 /* main.m */ = {isa = PBXFileReference; lastKnownFileType = sourcecode.c.objc; path = main.m; sourceTree = "<group>"; };
		C7E1193022F20E660014F202 /* Info.plist */ = {isa = PBXFileReference; lastKnownFileType = text.plist.xml; path = Info.plist; sourceTree = "<group>"; };
		C7E1193222F20E660014F202 /* main.m */ = {isa = PBXFileReference; lastKnownFileType = sourcecode.c.objc; path = main.m; sourceTree = "<group>"; };
		C7E1193322F20E660014F202 /* Info.plist */ = {isa = PBXFileReference; lastKnownFileType = text.plist.xml; path = Info.plist; sourceTree = "<group>"; };
		C7E1193422F20ED90014F202 /* santabundleservice-Info.plist */ = {isa = PBXFileReference; lastKnownFileType = text.plist.xml; path = "santabundleservice-Info.plist"; sourceTree = "<group>"; };
		CD71F19EA875F61754E81EBF /* Pods-Santa.release.xcconfig */ = {isa = PBXFileReference; includeInIndex = 1; lastKnownFileType = text.xcconfig; name = "Pods-Santa.release.xcconfig"; path = "Target Support Files/Pods-Santa/Pods-Santa.release.xcconfig"; sourceTree = "<group>"; };
		D4808D8635FB5E8E5F4637BB /* Pods-santabundleservice.debug.xcconfig */ = {isa = PBXFileReference; includeInIndex = 1; lastKnownFileType = text.xcconfig; name = "Pods-santabundleservice.debug.xcconfig"; path = "Target Support Files/Pods-santabundleservice/Pods-santabundleservice.debug.xcconfig"; sourceTree = "<group>"; };
		D7360306D7CFDD179D003266 /* Pods-sysx.debug.xcconfig */ = {isa = PBXFileReference; includeInIndex = 1; lastKnownFileType = text.xcconfig; name = "Pods-sysx.debug.xcconfig"; path = "Target Support Files/Pods-sysx/Pods-sysx.debug.xcconfig"; sourceTree = "<group>"; };
		D979E8ECE019FB93D1D381E7 /* Pods-santaxpcproxy.release.xcconfig */ = {isa = PBXFileReference; includeInIndex = 1; lastKnownFileType = text.xcconfig; name = "Pods-santaxpcproxy.release.xcconfig"; path = "Target Support Files/Pods-santaxpcproxy/Pods-santaxpcproxy.release.xcconfig"; sourceTree = "<group>"; };
		E6D38874F31422095E853E99 /* Pods-Santa.debug.xcconfig */ = {isa = PBXFileReference; includeInIndex = 1; lastKnownFileType = text.xcconfig; name = "Pods-Santa.debug.xcconfig"; path = "Target Support Files/Pods-Santa/Pods-Santa.debug.xcconfig"; sourceTree = "<group>"; };
		EDF64F091E796EC4013F5499 /* Pods-santaxpcproxy.debug.xcconfig */ = {isa = PBXFileReference; includeInIndex = 1; lastKnownFileType = text.xcconfig; name = "Pods-santaxpcproxy.debug.xcconfig"; path = "Target Support Files/Pods-santaxpcproxy/Pods-santaxpcproxy.debug.xcconfig"; sourceTree = "<group>"; };
		FE1F7C320CAEA468FAAC05B0 /* Pods-santabundleservice.release.xcconfig */ = {isa = PBXFileReference; includeInIndex = 1; lastKnownFileType = text.xcconfig; name = "Pods-santabundleservice.release.xcconfig"; path = "Target Support Files/Pods-santabundleservice/Pods-santabundleservice.release.xcconfig"; sourceTree = "<group>"; };
/* End PBXFileReference section */

/* Begin PBXFrameworksBuildPhase section */
		C779C2DB22F0E95000EE2541 /* Frameworks */ = {
			isa = PBXFrameworksBuildPhase;
			buildActionMask = 2147483647;
			files = (
				AD3736AF78C41A962C26D429 /* libPods-Santa.a in Frameworks */,
			);
			runOnlyForDeploymentPostprocessing = 0;
		};
		C779C4E322F0F51400EE2541 /* Frameworks */ = {
			isa = PBXFrameworksBuildPhase;
			buildActionMask = 2147483647;
			files = (
				B5AE6BB811766CA492133559 /* libPods-santad.a in Frameworks */,
			);
			runOnlyForDeploymentPostprocessing = 0;
		};
		C792F25922F206A800B1DBBD /* Frameworks */ = {
			isa = PBXFrameworksBuildPhase;
			buildActionMask = 2147483647;
			files = (
				61FC7425DD1EAAD50D509435 /* libPods-santaxpcproxy.a in Frameworks */,
			);
			runOnlyForDeploymentPostprocessing = 0;
		};
		C7A8307D22F0F81F00F856AC /* Frameworks */ = {
			isa = PBXFrameworksBuildPhase;
			buildActionMask = 2147483647;
			files = (
				F5F5D1EF2AF051FEA97A3A59 /* libPods-sysx.a in Frameworks */,
			);
			runOnlyForDeploymentPostprocessing = 0;
		};
		C7E1191422F20DB20014F202 /* Frameworks */ = {
			isa = PBXFrameworksBuildPhase;
			buildActionMask = 2147483647;
			files = (
				66067B41944ADC1C37627C20 /* libPods-santabundleservice.a in Frameworks */,
			);
			runOnlyForDeploymentPostprocessing = 0;
		};
/* End PBXFrameworksBuildPhase section */

/* Begin PBXGroup section */
		C779C2D522F0E95000EE2541 = {
			isa = PBXGroup;
			children = (
				C779C3AB22F0EA1900EE2541 /* Source */,
				C779C2DF22F0E95000EE2541 /* Products */,
				E1A9640C249BDD69E6535E7B /* Pods */,
				D2DA9449115697B603A40259 /* Frameworks */,
			);
			sourceTree = "<group>";
		};
		C779C2DF22F0E95000EE2541 /* Products */ = {
			isa = PBXGroup;
			children = (
				C779C2DE22F0E95000EE2541 /* Santa.app */,
				C779C4E622F0F51400EE2541 /* santad */,
				C7A8308022F0F81F00F856AC /* com.google.santa.daemon.systemextension */,
				C792F25C22F206A800B1DBBD /* santaxpcproxy */,
				C7E1191722F20DB20014F202 /* santabundleservice.xpc */,
			);
			name = Products;
			sourceTree = "<group>";
		};
		C779C3AB22F0EA1900EE2541 /* Source */ = {
			isa = PBXGroup;
			children = (
				C779C40622F0EA1900EE2541 /* common */,
				C779C43322F0EA1A00EE2541 /* Santa */,
				C779C45122F0EA1A00EE2541 /* santa_driver */,
				C7E1192722F20E660014F202 /* santabundleservice */,
				C779C3D822F0EA1900EE2541 /* santactl */,
				C779C3AC22F0EA1900EE2541 /* santad */,
				C7E1193122F20E660014F202 /* santaquarantineservice */,
				C7E1192E22F20E660014F202 /* santasyncservice */,
				C779C44822F0EA1A00EE2541 /* santaxpcproxy */,
			);
			path = Source;
			sourceTree = "<group>";
		};
		C779C3AC22F0EA1900EE2541 /* santad */ = {
			isa = PBXGroup;
			children = (
				C779C3C822F0EA1900EE2541 /* BUILD */,
				C779C3C922F0EA1900EE2541 /* DataLayer */,
				C779C3BA22F0EA1900EE2541 /* Logs */,
				C779C3C122F0EA1900EE2541 /* main.m */,
				C779C3B322F0EA1900EE2541 /* Resources */,
				C779C3B922F0EA1900EE2541 /* SNTApplication.h */,
				C779C3AD22F0EA1900EE2541 /* SNTApplication.m */,
				C779C3AE22F0EA1900EE2541 /* SNTCompilerController.h */,
				C779C3C622F0EA1900EE2541 /* SNTCompilerController.m */,
				C779C3C522F0EA1900EE2541 /* SNTDaemonControlController.h */,
				C779C3AF22F0EA1900EE2541 /* SNTDaemonControlController.m */,
				C779C3B022F0EA1900EE2541 /* SNTDatabaseController.h */,
				C779C3C422F0EA1900EE2541 /* SNTDatabaseController.m */,
				C779C3B622F0EA1900EE2541 /* SNTDriverManager.h */,
				C779C3C722F0EA1900EE2541 /* SNTDriverManager.m */,
				C779C3D422F0EA1900EE2541 /* SNTExecutionController.h */,
				C779C3B722F0EA1900EE2541 /* SNTExecutionController.m */,
				C779C3D222F0EA1900EE2541 /* SNTExecutionControllerTest.m */,
				C779C3D322F0EA1900EE2541 /* SNTNotificationQueue.h */,
				C779C3B822F0EA1900EE2541 /* SNTNotificationQueue.m */,
				C779C3B122F0EA1900EE2541 /* SNTPolicyProcessor.h */,
				C779C3C322F0EA1900EE2541 /* SNTPolicyProcessor.m */,
				C779C3B222F0EA1900EE2541 /* SNTSyncdQueue.h */,
				C779C3C222F0EA1900EE2541 /* SNTSyncdQueue.m */,
			);
			path = santad;
			sourceTree = "<group>";
		};
		C779C3B322F0EA1900EE2541 /* Resources */ = {
			isa = PBXGroup;
			children = (
				C779C3B522F0EA1900EE2541 /* santad-Info.plist */,
				C779C3B422F0EA1900EE2541 /* santad.entitlements */,
			);
			path = Resources;
			sourceTree = "<group>";
		};
		C779C3BA22F0EA1900EE2541 /* Logs */ = {
			isa = PBXGroup;
			children = (
				C779C3BB22F0EA1900EE2541 /* SNTEventLog.h */,
				C779C3C022F0EA1900EE2541 /* SNTEventLog.m */,
				C779C3BD22F0EA1900EE2541 /* SNTFileEventLog.h */,
				C779C3BE22F0EA1900EE2541 /* SNTFileEventLog.m */,
				C779C3BC22F0EA1900EE2541 /* SNTSyslogEventLog.h */,
				C779C3BF22F0EA1900EE2541 /* SNTSyslogEventLog.m */,
			);
			path = Logs;
			sourceTree = "<group>";
		};
		C779C3C922F0EA1900EE2541 /* DataLayer */ = {
			isa = PBXGroup;
			children = (
				C779C3CC22F0EA1900EE2541 /* SNTDatabaseTable.h */,
				C779C3CF22F0EA1900EE2541 /* SNTDatabaseTable.m */,
				C779C3CD22F0EA1900EE2541 /* SNTEventTable.h */,
				C779C3D122F0EA1900EE2541 /* SNTEventTable.m */,
				C779C3CA22F0EA1900EE2541 /* SNTEventTableTest.m */,
				C779C3CE22F0EA1900EE2541 /* SNTRuleTable.h */,
				C779C3D022F0EA1900EE2541 /* SNTRuleTable.m */,
				C779C3CB22F0EA1900EE2541 /* SNTRuleTableTest.m */,
			);
			path = DataLayer;
			sourceTree = "<group>";
		};
		C779C3D822F0EA1900EE2541 /* santactl */ = {
			isa = PBXGroup;
			children = (
				C779C40222F0EA1900EE2541 /* BUILD */,
				C779C3DC22F0EA1900EE2541 /* Commands */,
				C779C40522F0EA1900EE2541 /* Info.plist */,
				C779C3DB22F0EA1900EE2541 /* main.m */,
				C779C40422F0EA1900EE2541 /* SNTCommand.h */,
				C779C3D922F0EA1900EE2541 /* SNTCommand.m */,
				C779C40322F0EA1900EE2541 /* SNTCommandController.h */,
				C779C3DA22F0EA1900EE2541 /* SNTCommandController.m */,
			);
			path = santactl;
			sourceTree = "<group>";
		};
		C779C3DC22F0EA1900EE2541 /* Commands */ = {
			isa = PBXGroup;
			children = (
				C779C3E022F0EA1900EE2541 /* SNTCommandBundleInfo.m */,
				C779C3E322F0EA1900EE2541 /* SNTCommandCacheHistogram.m */,
				C779C3E222F0EA1900EE2541 /* SNTCommandCheckCache.m */,
				C779C3DF22F0EA1900EE2541 /* SNTCommandFileInfo.m */,
				C779C3DD22F0EA1900EE2541 /* SNTCommandFileInfoTest.m */,
				C779C3DE22F0EA1900EE2541 /* SNTCommandFlushCache.m */,
				C779C40022F0EA1900EE2541 /* SNTCommandRule.m */,
				C779C40122F0EA1900EE2541 /* SNTCommandStatus.m */,
				C779C3E122F0EA1900EE2541 /* SNTCommandVersion.m */,
				C779C3E422F0EA1900EE2541 /* sync */,
			);
			path = Commands;
			sourceTree = "<group>";
		};
		C779C3E422F0EA1900EE2541 /* sync */ = {
			isa = PBXGroup;
			children = (
				C779C3F622F0EA1900EE2541 /* NSData+Zlib.h */,
				C779C3EF22F0EA1900EE2541 /* NSData+Zlib.m */,
				C779C3F522F0EA1900EE2541 /* SNTCommandSync.m */,
				C779C3E622F0EA1900EE2541 /* SNTCommandSyncConstants.h */,
				C779C3F822F0EA1900EE2541 /* SNTCommandSyncConstants.m */,
				C779C3EE22F0EA1900EE2541 /* SNTCommandSyncEventUpload.h */,
				C779C3F722F0EA1900EE2541 /* SNTCommandSyncEventUpload.m */,
				C779C3F422F0EA1900EE2541 /* SNTCommandSyncManager.h */,
				C779C3FF22F0EA1900EE2541 /* SNTCommandSyncManager.m */,
				C779C3F322F0EA1900EE2541 /* SNTCommandSyncPostflight.h */,
				C779C3FC22F0EA1900EE2541 /* SNTCommandSyncPostflight.m */,
				C779C3E522F0EA1900EE2541 /* SNTCommandSyncPreflight.h */,
				C779C3F922F0EA1900EE2541 /* SNTCommandSyncPreflight.m */,
				C779C3FB22F0EA1900EE2541 /* SNTCommandSyncRuleDownload.h */,
				C779C3F022F0EA1900EE2541 /* SNTCommandSyncRuleDownload.m */,
				C779C3F222F0EA1900EE2541 /* SNTCommandSyncStage.h */,
				C779C3FD22F0EA1900EE2541 /* SNTCommandSyncStage.m */,
				C779C3F122F0EA1900EE2541 /* SNTCommandSyncState.h */,
				C779C3FA22F0EA1900EE2541 /* SNTCommandSyncState.m */,
				C779C3FE22F0EA1900EE2541 /* SNTCommandSyncTest.m */,
				C779C3E722F0EA1900EE2541 /* testdata */,
			);
			path = sync;
			sourceTree = "<group>";
		};
		C779C3E722F0EA1900EE2541 /* testdata */ = {
			isa = PBXGroup;
			children = (
				C779C3E822F0EA1900EE2541 /* sync_ruledownload_batch1.json */,
				C779C3E922F0EA1900EE2541 /* sync_preflight_basic.json */,
				C779C3EA22F0EA1900EE2541 /* sync_preflight_lockdown.json */,
				C779C3EB22F0EA1900EE2541 /* sync_eventupload_input_quarantine.plist */,
				C779C3EC22F0EA1900EE2541 /* sync_eventupload_input_basic.plist */,
				C779C3ED22F0EA1900EE2541 /* sync_ruledownload_batch2.json */,
			);
			path = testdata;
			sourceTree = "<group>";
		};
		C779C40622F0EA1900EE2541 /* common */ = {
			isa = PBXGroup;
			children = (
				C779C42A22F0EA1A00EE2541 /* BUILD */,
				C779C42722F0EA1A00EE2541 /* SNTBlockMessage.h */,
				C779C41D22F0EA1A00EE2541 /* SNTBlockMessage.m */,
				C779C42C22F0EA1A00EE2541 /* SNTCachedDecision.h */,
				C779C41922F0EA1A00EE2541 /* SNTCachedDecision.m */,
				C779C41422F0EA1A00EE2541 /* SNTCommonEnums.h */,
				C779C40822F0EA1900EE2541 /* SNTConfigurator.h */,
				C779C42222F0EA1A00EE2541 /* SNTConfigurator.m */,
				C779C41C22F0EA1A00EE2541 /* SNTDropRootPrivs.h */,
				C779C42822F0EA1A00EE2541 /* SNTDropRootPrivs.m */,
				C779C41622F0EA1A00EE2541 /* SNTFileInfo.h */,
				C779C42522F0EA1A00EE2541 /* SNTFileInfo.m */,
				C779C42F22F0EA1A00EE2541 /* SNTFileInfoTest.m */,
				C779C42322F0EA1A00EE2541 /* SNTKernelCommon.h */,
				C779C42122F0EA1A00EE2541 /* SNTLogging.h */,
				C779C42E22F0EA1A00EE2541 /* SNTLogging.m */,
				C779C43122F0EA1A00EE2541 /* SNTRule.h */,
				C779C41E22F0EA1A00EE2541 /* SNTRule.m */,
				C779C41F22F0EA1A00EE2541 /* SNTStoredEvent.h */,
				C779C43222F0EA1A00EE2541 /* SNTStoredEvent.m */,
				C779C41822F0EA1A00EE2541 /* SNTStrengthify.h */,
				C779C41522F0EA1A00EE2541 /* SNTSystemInfo.h */,
				C779C42622F0EA1A00EE2541 /* SNTSystemInfo.m */,
				C779C4D722F0EF2800EE2541 /* SNTXPCBundleServiceInterface.h */,
				C779C4D622F0EF2800EE2541 /* SNTXPCBundleServiceInterface.m */,
				C779C43022F0EA1A00EE2541 /* SNTXPCControlInterface.h */,
				C779C42022F0EA1A00EE2541 /* SNTXPCControlInterface.m */,
				C779C40722F0EA1900EE2541 /* SNTXPCNotifierInterface.h */,
				C779C42422F0EA1A00EE2541 /* SNTXPCNotifierInterface.m */,
				C779C41A22F0EA1A00EE2541 /* SNTXPCProxyInterface.h */,
				C779C42B22F0EA1A00EE2541 /* SNTXPCProxyInterface.m */,
				C779C42D22F0EA1A00EE2541 /* SNTXPCSyncdInterface.h */,
				C779C41722F0EA1A00EE2541 /* SNTXPCSyncdInterface.m */,
				C779C42922F0EA1A00EE2541 /* SNTXPCUnprivilegedControlInterface.h */,
				C779C41B22F0EA1A00EE2541 /* SNTXPCUnprivilegedControlInterface.m */,
				C779C40922F0EA1900EE2541 /* testdata */,
			);
			path = common;
			sourceTree = "<group>";
		};
		C779C40922F0EA1900EE2541 /* testdata */ = {
			isa = PBXGroup;
			children = (
				C779C40B22F0EA1900EE2541 /* bad_pagezero */,
				C779C40C22F0EA1900EE2541 /* BundleExample.app */,
				C779C40D22F0EA1900EE2541 /* DirectoryBundle */,
				C779C40A22F0EA1900EE2541 /* missing_pagezero */,
			);
			path = testdata;
			sourceTree = "<group>";
		};
		C779C40D22F0EA1900EE2541 /* DirectoryBundle */ = {
			isa = PBXGroup;
			children = (
				C779C40E22F0EA1900EE2541 /* Contents */,
			);
			path = DirectoryBundle;
			sourceTree = "<group>";
		};
		C779C40E22F0EA1900EE2541 /* Contents */ = {
			isa = PBXGroup;
			children = (
				C779C40F22F0EA1A00EE2541 /* MacOS */,
				C779C41122F0EA1A00EE2541 /* Resources */,
				C779C41322F0EA1A00EE2541 /* Info.plist */,
			);
			path = Contents;
			sourceTree = "<group>";
		};
		C779C40F22F0EA1A00EE2541 /* MacOS */ = {
			isa = PBXGroup;
			children = (
				C779C41022F0EA1A00EE2541 /* DirectoryBundle */,
			);
			path = MacOS;
			sourceTree = "<group>";
		};
		C779C41122F0EA1A00EE2541 /* Resources */ = {
			isa = PBXGroup;
			children = (
				C779C41222F0EA1A00EE2541 /* BundleExample.app */,
			);
			path = Resources;
			sourceTree = "<group>";
		};
		C779C43322F0EA1A00EE2541 /* Santa */ = {
			isa = PBXGroup;
			children = (
				C779C44422F0EA1A00EE2541 /* BUILD */,
				C779C44122F0EA1A00EE2541 /* main.m */,
				C779C43822F0EA1A00EE2541 /* Resources */,
				C779C44322F0EA1A00EE2541 /* SNTAboutWindowController.h */,
				C779C43722F0EA1A00EE2541 /* SNTAboutWindowController.m */,
				C779C44522F0EA1A00EE2541 /* SNTAccessibleTextField.h */,
				C779C43622F0EA1A00EE2541 /* SNTAccessibleTextField.m */,
				C779C44722F0EA1A00EE2541 /* SNTAppDelegate.h */,
				C779C43E22F0EA1A00EE2541 /* SNTAppDelegate.m */,
				C779C43422F0EA1A00EE2541 /* SNTMessageWindow.h */,
				C779C44022F0EA1A00EE2541 /* SNTMessageWindow.m */,
				C779C44222F0EA1A00EE2541 /* SNTMessageWindowController.h */,
				C779C43522F0EA1A00EE2541 /* SNTMessageWindowController.m */,
				C779C44622F0EA1A00EE2541 /* SNTNotificationManager.h */,
				C779C43F22F0EA1A00EE2541 /* SNTNotificationManager.m */,
			);
			path = Santa;
			sourceTree = "<group>";
		};
		C779C43822F0EA1A00EE2541 /* Resources */ = {
			isa = PBXGroup;
			children = (
				C779C43D22F0EA1A00EE2541 /* AboutWindow.xib */,
				C779C43C22F0EA1A00EE2541 /* Images.xcassets */,
				C779C43A22F0EA1A00EE2541 /* MessageWindow.xib */,
				C779C43922F0EA1A00EE2541 /* Santa-Info.plist */,
				C779C43B22F0EA1A00EE2541 /* Santa.entitlements */,
			);
			path = Resources;
			sourceTree = "<group>";
		};
		C779C44822F0EA1A00EE2541 /* santaxpcproxy */ = {
			isa = PBXGroup;
			children = (
				C779C44B22F0EA1A00EE2541 /* main.m */,
				C792F26322F206E600B1DBBD /* Resources */,
				C779C44A22F0EA1A00EE2541 /* SNTXPCProxy.h */,
				C779C44922F0EA1A00EE2541 /* SNTXPCProxy.m */,
			);
			path = santaxpcproxy;
			sourceTree = "<group>";
		};
		C779C45122F0EA1A00EE2541 /* santa_driver */ = {
			isa = PBXGroup;
			children = (
				C779C45C22F0EA1A00EE2541 /* BUILD */,
				C779C45E22F0EA1A00EE2541 /* Info.plist */,
				C779C45A22F0EA1A00EE2541 /* kernel_tests.mm */,
				C779C45222F0EA1A00EE2541 /* main.cc */,
				C779C45522F0EA1A00EE2541 /* SantaCache.h */,
				C779C45422F0EA1A00EE2541 /* SantaCacheTest.mm */,
				C779C45922F0EA1A00EE2541 /* SantaDecisionManager.cc */,
				C779C46022F0EA1A00EE2541 /* SantaDecisionManager.h */,
				C779C45822F0EA1A00EE2541 /* SantaDriver.cc */,
				C779C45F22F0EA1A00EE2541 /* SantaDriver.h */,
				C779C45322F0EA1A00EE2541 /* SantaDriverClient.cc */,
				C779C45622F0EA1A00EE2541 /* SantaDriverClient.h */,
				C779C45B22F0EA1A00EE2541 /* SantaPrefixTree.cc */,
				C779C45D22F0EA1A00EE2541 /* SantaPrefixTree.h */,
				C779C45722F0EA1A00EE2541 /* SantaPrefixTreeTest.mm */,
			);
			path = santa_driver;
			sourceTree = "<group>";
		};
		C792F26322F206E600B1DBBD /* Resources */ = {
			isa = PBXGroup;
			children = (
				C7E1191222F209500014F202 /* com.google.santa.xpcproxy.plist */,
				C792F26422F206E600B1DBBD /* santaxpcproxy-Info.plist */,
			);
			path = Resources;
			sourceTree = "<group>";
		};
		C7E1192722F20E660014F202 /* santabundleservice */ = {
			isa = PBXGroup;
			children = (
				C7E1192D22F20E660014F202 /* BUILD */,
				C7E1192C22F20E660014F202 /* main.m */,
				C7E1192922F20E660014F202 /* Resources */,
				C7E1192B22F20E660014F202 /* SNTBundleService.h */,
				C7E1192822F20E660014F202 /* SNTBundleService.m */,
			);
			path = santabundleservice;
			sourceTree = "<group>";
		};
		C7E1192922F20E660014F202 /* Resources */ = {
			isa = PBXGroup;
			children = (
				C7E1193422F20ED90014F202 /* santabundleservice-Info.plist */,
			);
			path = Resources;
			sourceTree = "<group>";
		};
		C7E1192E22F20E660014F202 /* santasyncservice */ = {
			isa = PBXGroup;
			children = (
				C7E1192F22F20E660014F202 /* main.m */,
				C7E1193022F20E660014F202 /* Info.plist */,
			);
			path = santasyncservice;
			sourceTree = "<group>";
		};
		C7E1193122F20E660014F202 /* santaquarantineservice */ = {
			isa = PBXGroup;
			children = (
				C7E1193222F20E660014F202 /* main.m */,
				C7E1193322F20E660014F202 /* Info.plist */,
			);
			path = santaquarantineservice;
			sourceTree = "<group>";
		};
		D2DA9449115697B603A40259 /* Frameworks */ = {
			isa = PBXGroup;
			children = (
				4C3E743944A9D77423AA1534 /* libPods-Santa.a */,
				3700D40B536CA7F626B76156 /* libPods-santad.a */,
				91FF0B4E62F1E90A88478993 /* libPods-sysx.a */,
				24CDFD218D8B35E34895AA6A /* libPods-santaxpcproxy.a */,
				2A55D73A235850B9FA991865 /* libPods-santabundleservice.a */,
			);
			name = Frameworks;
			sourceTree = "<group>";
		};
		E1A9640C249BDD69E6535E7B /* Pods */ = {
			isa = PBXGroup;
			children = (
				E6D38874F31422095E853E99 /* Pods-Santa.debug.xcconfig */,
				CD71F19EA875F61754E81EBF /* Pods-Santa.release.xcconfig */,
				18183794C94BAEAD167B12EC /* Pods-santad.debug.xcconfig */,
				7AF15DF785BAA0EAB0BE340D /* Pods-santad.release.xcconfig */,
				D7360306D7CFDD179D003266 /* Pods-sysx.debug.xcconfig */,
				C05543B3701F50CA798B4B11 /* Pods-sysx.release.xcconfig */,
				EDF64F091E796EC4013F5499 /* Pods-santaxpcproxy.debug.xcconfig */,
				D979E8ECE019FB93D1D381E7 /* Pods-santaxpcproxy.release.xcconfig */,
				D4808D8635FB5E8E5F4637BB /* Pods-santabundleservice.debug.xcconfig */,
				FE1F7C320CAEA468FAAC05B0 /* Pods-santabundleservice.release.xcconfig */,
			);
			path = Pods;
			sourceTree = "<group>";
		};
/* End PBXGroup section */

/* Begin PBXNativeTarget section */
		C779C2DD22F0E95000EE2541 /* Santa */ = {
			isa = PBXNativeTarget;
			buildConfigurationList = C779C2EF22F0E95000EE2541 /* Build configuration list for PBXNativeTarget "Santa" */;
			buildPhases = (
				F0504005350B8F8E4592D5C5 /* [CP] Check Pods Manifest.lock */,
				C779C2DA22F0E95000EE2541 /* Sources */,
				C779C2DB22F0E95000EE2541 /* Frameworks */,
				C779C2DC22F0E95000EE2541 /* Resources */,
				C71E473022F0FA9200921CD9 /* CopyFiles */,
				C77179CA22F207A80047DF1A /* CopyFiles */,
				C7E1192622F20DB20014F202 /* Embed XPC Services */,
			);
			buildRules = (
			);
			dependencies = (
				C7E1192122F20DB20014F202 /* PBXTargetDependency */,
			);
			name = Santa;
			productName = Santa;
			productReference = C779C2DE22F0E95000EE2541 /* Santa.app */;
			productType = "com.apple.product-type.application";
		};
		C779C4E522F0F51400EE2541 /* santad */ = {
			isa = PBXNativeTarget;
			buildConfigurationList = C779C4EA22F0F51400EE2541 /* Build configuration list for PBXNativeTarget "santad" */;
			buildPhases = (
				9B2025B681CFFFB8478F7EC3 /* [CP] Check Pods Manifest.lock */,
				C779C4E222F0F51400EE2541 /* Sources */,
				C779C4E322F0F51400EE2541 /* Frameworks */,
				C779C4E422F0F51400EE2541 /* CopyFiles */,
			);
			buildRules = (
			);
			dependencies = (
			);
			name = santad;
			productName = santad;
			productReference = C779C4E622F0F51400EE2541 /* santad */;
			productType = "com.apple.product-type.tool";
		};
		C792F25B22F206A800B1DBBD /* santaxpcproxy */ = {
			isa = PBXNativeTarget;
			buildConfigurationList = C792F26222F206A800B1DBBD /* Build configuration list for PBXNativeTarget "santaxpcproxy" */;
			buildPhases = (
				A114CA64BA32D5D824F9FCCF /* [CP] Check Pods Manifest.lock */,
				C792F25822F206A800B1DBBD /* Sources */,
				C792F25922F206A800B1DBBD /* Frameworks */,
				C792F25A22F206A800B1DBBD /* CopyFiles */,
			);
			buildRules = (
			);
			dependencies = (
			);
			name = santaxpcproxy;
			productName = santaxpcproxy;
			productReference = C792F25C22F206A800B1DBBD /* santaxpcproxy */;
			productType = "com.apple.product-type.tool";
		};
		C7A8307F22F0F81F00F856AC /* sysx */ = {
			isa = PBXNativeTarget;
			buildConfigurationList = C7A8308322F0F81F00F856AC /* Build configuration list for PBXNativeTarget "sysx" */;
			buildPhases = (
				E61E1120BCC74C47DF8D0E87 /* [CP] Check Pods Manifest.lock */,
				C7A8307C22F0F81F00F856AC /* Sources */,
				C7A8307D22F0F81F00F856AC /* Frameworks */,
				C7A8307E22F0F81F00F856AC /* Resources */,
				C71E472E22F0F96C00921CD9 /* CopyFiles */,
			);
			buildRules = (
			);
			dependencies = (
			);
			name = sysx;
			productName = sysx;
			productReference = C7A8308022F0F81F00F856AC /* com.google.santa.daemon.systemextension */;
			productType = "com.apple.product-type.bundle";
		};
		C7E1191622F20DB20014F202 /* santabundleservice */ = {
			isa = PBXNativeTarget;
			buildConfigurationList = C7E1192322F20DB20014F202 /* Build configuration list for PBXNativeTarget "santabundleservice" */;
			buildPhases = (
				3DF905BB2A5C0528D722EE4B /* [CP] Check Pods Manifest.lock */,
				C7E1191322F20DB20014F202 /* Sources */,
				C7E1191422F20DB20014F202 /* Frameworks */,
				C7E1191522F20DB20014F202 /* Resources */,
			);
			buildRules = (
			);
			dependencies = (
			);
			name = santabundleservice;
			productName = santabundleservice;
			productReference = C7E1191722F20DB20014F202 /* santabundleservice.xpc */;
			productType = "com.apple.product-type.xpc-service";
		};
/* End PBXNativeTarget section */

/* Begin PBXProject section */
		C779C2D622F0E95000EE2541 /* Project object */ = {
			isa = PBXProject;
			attributes = {
				LastUpgradeCheck = 1100;
				ORGANIZATIONNAME = Google;
				TargetAttributes = {
					C779C2DD22F0E95000EE2541 = {
						CreatedOnToolsVersion = 11.0;
					};
					C779C4E522F0F51400EE2541 = {
						CreatedOnToolsVersion = 11.0;
					};
					C792F25B22F206A800B1DBBD = {
						CreatedOnToolsVersion = 11.0;
					};
					C7A8307F22F0F81F00F856AC = {
						CreatedOnToolsVersion = 11.0;
					};
					C7E1191622F20DB20014F202 = {
						CreatedOnToolsVersion = 11.0;
					};
				};
			};
			buildConfigurationList = C779C2D922F0E95000EE2541 /* Build configuration list for PBXProject "Santa" */;
			compatibilityVersion = "Xcode 9.3";
			developmentRegion = en;
			hasScannedForEncodings = 0;
			knownRegions = (
				en,
				Base,
			);
			mainGroup = C779C2D522F0E95000EE2541;
			productRefGroup = C779C2DF22F0E95000EE2541 /* Products */;
			projectDirPath = "";
			projectRoot = "";
			targets = (
				C779C2DD22F0E95000EE2541 /* Santa */,
				C779C4E522F0F51400EE2541 /* santad */,
				C7A8307F22F0F81F00F856AC /* sysx */,
				C792F25B22F206A800B1DBBD /* santaxpcproxy */,
				C7E1191622F20DB20014F202 /* santabundleservice */,
			);
		};
/* End PBXProject section */

/* Begin PBXResourcesBuildPhase section */
		C779C2DC22F0E95000EE2541 /* Resources */ = {
			isa = PBXResourcesBuildPhase;
			buildActionMask = 2147483647;
			files = (
				C779C4D022F0EC4400EE2541 /* MessageWindow.xib in Resources */,
				C779C4D122F0EC4A00EE2541 /* AboutWindow.xib in Resources */,
			);
			runOnlyForDeploymentPostprocessing = 0;
		};
		C7A8307E22F0F81F00F856AC /* Resources */ = {
			isa = PBXResourcesBuildPhase;
			buildActionMask = 2147483647;
			files = (
			);
			runOnlyForDeploymentPostprocessing = 0;
		};
		C7E1191522F20DB20014F202 /* Resources */ = {
			isa = PBXResourcesBuildPhase;
			buildActionMask = 2147483647;
			files = (
			);
			runOnlyForDeploymentPostprocessing = 0;
		};
/* End PBXResourcesBuildPhase section */

/* Begin PBXShellScriptBuildPhase section */
		3DF905BB2A5C0528D722EE4B /* [CP] Check Pods Manifest.lock */ = {
			isa = PBXShellScriptBuildPhase;
			buildActionMask = 2147483647;
			files = (
			);
			inputFileListPaths = (
			);
			inputPaths = (
				"${PODS_PODFILE_DIR_PATH}/Podfile.lock",
				"${PODS_ROOT}/Manifest.lock",
			);
			name = "[CP] Check Pods Manifest.lock";
			outputFileListPaths = (
			);
			outputPaths = (
				"$(DERIVED_FILE_DIR)/Pods-santabundleservice-checkManifestLockResult.txt",
			);
			runOnlyForDeploymentPostprocessing = 0;
			shellPath = /bin/sh;
			shellScript = "diff \"${PODS_PODFILE_DIR_PATH}/Podfile.lock\" \"${PODS_ROOT}/Manifest.lock\" > /dev/null\nif [ $? != 0 ] ; then\n    # print error to STDERR\n    echo \"error: The sandbox is not in sync with the Podfile.lock. Run 'pod install' or update your CocoaPods installation.\" >&2\n    exit 1\nfi\n# This output is used by Xcode 'outputs' to avoid re-running this script phase.\necho \"SUCCESS\" > \"${SCRIPT_OUTPUT_FILE_0}\"\n";
			showEnvVarsInLog = 0;
		};
		9B2025B681CFFFB8478F7EC3 /* [CP] Check Pods Manifest.lock */ = {
			isa = PBXShellScriptBuildPhase;
			buildActionMask = 2147483647;
			files = (
			);
			inputFileListPaths = (
			);
			inputPaths = (
				"${PODS_PODFILE_DIR_PATH}/Podfile.lock",
				"${PODS_ROOT}/Manifest.lock",
			);
			name = "[CP] Check Pods Manifest.lock";
			outputFileListPaths = (
			);
			outputPaths = (
				"$(DERIVED_FILE_DIR)/Pods-santad-checkManifestLockResult.txt",
			);
			runOnlyForDeploymentPostprocessing = 0;
			shellPath = /bin/sh;
			shellScript = "diff \"${PODS_PODFILE_DIR_PATH}/Podfile.lock\" \"${PODS_ROOT}/Manifest.lock\" > /dev/null\nif [ $? != 0 ] ; then\n    # print error to STDERR\n    echo \"error: The sandbox is not in sync with the Podfile.lock. Run 'pod install' or update your CocoaPods installation.\" >&2\n    exit 1\nfi\n# This output is used by Xcode 'outputs' to avoid re-running this script phase.\necho \"SUCCESS\" > \"${SCRIPT_OUTPUT_FILE_0}\"\n";
			showEnvVarsInLog = 0;
		};
		A114CA64BA32D5D824F9FCCF /* [CP] Check Pods Manifest.lock */ = {
			isa = PBXShellScriptBuildPhase;
			buildActionMask = 2147483647;
			files = (
			);
			inputFileListPaths = (
			);
			inputPaths = (
				"${PODS_PODFILE_DIR_PATH}/Podfile.lock",
				"${PODS_ROOT}/Manifest.lock",
			);
			name = "[CP] Check Pods Manifest.lock";
			outputFileListPaths = (
			);
			outputPaths = (
				"$(DERIVED_FILE_DIR)/Pods-santaxpcproxy-checkManifestLockResult.txt",
			);
			runOnlyForDeploymentPostprocessing = 0;
			shellPath = /bin/sh;
			shellScript = "diff \"${PODS_PODFILE_DIR_PATH}/Podfile.lock\" \"${PODS_ROOT}/Manifest.lock\" > /dev/null\nif [ $? != 0 ] ; then\n    # print error to STDERR\n    echo \"error: The sandbox is not in sync with the Podfile.lock. Run 'pod install' or update your CocoaPods installation.\" >&2\n    exit 1\nfi\n# This output is used by Xcode 'outputs' to avoid re-running this script phase.\necho \"SUCCESS\" > \"${SCRIPT_OUTPUT_FILE_0}\"\n";
			showEnvVarsInLog = 0;
		};
		E61E1120BCC74C47DF8D0E87 /* [CP] Check Pods Manifest.lock */ = {
			isa = PBXShellScriptBuildPhase;
			buildActionMask = 2147483647;
			files = (
			);
			inputFileListPaths = (
			);
			inputPaths = (
				"${PODS_PODFILE_DIR_PATH}/Podfile.lock",
				"${PODS_ROOT}/Manifest.lock",
			);
			name = "[CP] Check Pods Manifest.lock";
			outputFileListPaths = (
			);
			outputPaths = (
				"$(DERIVED_FILE_DIR)/Pods-sysx-checkManifestLockResult.txt",
			);
			runOnlyForDeploymentPostprocessing = 0;
			shellPath = /bin/sh;
			shellScript = "diff \"${PODS_PODFILE_DIR_PATH}/Podfile.lock\" \"${PODS_ROOT}/Manifest.lock\" > /dev/null\nif [ $? != 0 ] ; then\n    # print error to STDERR\n    echo \"error: The sandbox is not in sync with the Podfile.lock. Run 'pod install' or update your CocoaPods installation.\" >&2\n    exit 1\nfi\n# This output is used by Xcode 'outputs' to avoid re-running this script phase.\necho \"SUCCESS\" > \"${SCRIPT_OUTPUT_FILE_0}\"\n";
			showEnvVarsInLog = 0;
		};
		F0504005350B8F8E4592D5C5 /* [CP] Check Pods Manifest.lock */ = {
			isa = PBXShellScriptBuildPhase;
			buildActionMask = 2147483647;
			files = (
			);
			inputFileListPaths = (
			);
			inputPaths = (
				"${PODS_PODFILE_DIR_PATH}/Podfile.lock",
				"${PODS_ROOT}/Manifest.lock",
			);
			name = "[CP] Check Pods Manifest.lock";
			outputFileListPaths = (
			);
			outputPaths = (
				"$(DERIVED_FILE_DIR)/Pods-Santa-checkManifestLockResult.txt",
			);
			runOnlyForDeploymentPostprocessing = 0;
			shellPath = /bin/sh;
			shellScript = "diff \"${PODS_PODFILE_DIR_PATH}/Podfile.lock\" \"${PODS_ROOT}/Manifest.lock\" > /dev/null\nif [ $? != 0 ] ; then\n    # print error to STDERR\n    echo \"error: The sandbox is not in sync with the Podfile.lock. Run 'pod install' or update your CocoaPods installation.\" >&2\n    exit 1\nfi\n# This output is used by Xcode 'outputs' to avoid re-running this script phase.\necho \"SUCCESS\" > \"${SCRIPT_OUTPUT_FILE_0}\"\n";
			showEnvVarsInLog = 0;
		};
/* End PBXShellScriptBuildPhase section */

/* Begin PBXSourcesBuildPhase section */
		C779C2DA22F0E95000EE2541 /* Sources */ = {
			isa = PBXSourcesBuildPhase;
			buildActionMask = 2147483647;
			files = (
				C779C4DC22F0F10700EE2541 /* SNTSystemInfo.m in Sources */,
				C779C4E022F0F15C00EE2541 /* SNTRule.m in Sources */,
				C779C4D222F0EC4D00EE2541 /* SNTAppDelegate.m in Sources */,
				C779C4D422F0EC5300EE2541 /* SNTMessageWindow.m in Sources */,
				C779C4DD22F0F12600EE2541 /* SNTXPCNotifierInterface.m in Sources */,
				C779C4D922F0F0DF00EE2541 /* SNTBlockMessage.m in Sources */,
				C779C4DE22F0F13000EE2541 /* SNTXPCControlInterface.m in Sources */,
				C779C4DB22F0F0F500EE2541 /* SNTStoredEvent.m in Sources */,
				C7A8307922F0F77D00F856AC /* SNTXPCProxyInterface.m in Sources */,
				C779C4CD22F0EC3A00EE2541 /* SNTMessageWindowController.m in Sources */,
				C779C4DA22F0F0ED00EE2541 /* SNTConfigurator.m in Sources */,
				C779C4D322F0EC5000EE2541 /* SNTNotificationManager.m in Sources */,
				C779C4E122F0F17500EE2541 /* SNTLogging.m in Sources */,
				C779C4CE22F0EC3D00EE2541 /* SNTAccessibleTextField.m in Sources */,
				C779C4DF22F0F15100EE2541 /* SNTXPCUnprivilegedControlInterface.m in Sources */,
				C779C4D822F0EF2800EE2541 /* SNTXPCBundleServiceInterface.m in Sources */,
				C779C4D522F0EC5700EE2541 /* main.m in Sources */,
				C779C4CF22F0EC3F00EE2541 /* SNTAboutWindowController.m in Sources */,
			);
			runOnlyForDeploymentPostprocessing = 0;
		};
		C779C4E222F0F51400EE2541 /* Sources */ = {
			isa = PBXSourcesBuildPhase;
			buildActionMask = 2147483647;
			files = (
				C7A8307322F0F75F00F856AC /* SNTSystemInfo.m in Sources */,
				C7A8307722F0F77900F856AC /* SNTXPCSyncdInterface.m in Sources */,
				C779C4ED22F0F5D000EE2541 /* main.m in Sources */,
				C7A8307122F0F74B00F856AC /* SNTFileInfo.m in Sources */,
				C7A8307822F0F77B00F856AC /* SNTXPCProxyInterface.m in Sources */,
				C7A8306F22F0F73A00F856AC /* SNTCachedDecision.m in Sources */,
				C779C4F822F0F6B000EE2541 /* SNTDriverManager.m in Sources */,
				C779C4EF22F0F5D600EE2541 /* SNTEventTable.m in Sources */,
				C779C4F022F0F5F600EE2541 /* SNTRuleTable.m in Sources */,
				C779C4FB22F0F6BA00EE2541 /* SNTPolicyProcessor.m in Sources */,
				C779C4FC22F0F6BC00EE2541 /* SNTSyncdQueue.m in Sources */,
				C779C4F322F0F60600EE2541 /* SNTSyslogEventLog.m in Sources */,
				C779C4F922F0F6B300EE2541 /* SNTExecutionController.m in Sources */,
				C779C4F422F0F6A600EE2541 /* SNTApplication.m in Sources */,
				C779C4EE22F0F5D400EE2541 /* SNTDatabaseTable.m in Sources */,
				C7A8307B22F0F79000F856AC /* SNTXPCNotifierInterface.m in Sources */,
				C779C4FA22F0F6B700EE2541 /* SNTNotificationQueue.m in Sources */,
				C7A8306C22F0F71E00F856AC /* SNTLogging.m in Sources */,
				C7A8307522F0F76D00F856AC /* SNTXPCControlInterface.m in Sources */,
				C7A8307A22F0F78000F856AC /* SNTXPCUnprivilegedControlInterface.m in Sources */,
				C779C4F522F0F6A800EE2541 /* SNTCompilerController.m in Sources */,
				C7A8306E22F0F73600F856AC /* SNTBlockMessage.m in Sources */,
				C779C4F622F0F6AB00EE2541 /* SNTDaemonControlController.m in Sources */,
				C779C4F122F0F60000EE2541 /* SNTEventLog.m in Sources */,
				C7A8306D22F0F72600F856AC /* SNTRule.m in Sources */,
				C7A8307022F0F74600F856AC /* SNTConfigurator.m in Sources */,
				C7A8307422F0F76B00F856AC /* SNTXPCBundleServiceInterface.m in Sources */,
				C779C4F722F0F6AE00EE2541 /* SNTDatabaseController.m in Sources */,
				C779C4F222F0F60400EE2541 /* SNTFileEventLog.m in Sources */,
				C7A8307222F0F75B00F856AC /* SNTStoredEvent.m in Sources */,
			);
			runOnlyForDeploymentPostprocessing = 0;
		};
		C792F25822F206A800B1DBBD /* Sources */ = {
			isa = PBXSourcesBuildPhase;
			buildActionMask = 2147483647;
			files = (
				C792F26622F206FE00B1DBBD /* SNTXPCProxy.m in Sources */,
				C78B794122F236E4007B357B /* SNTXPCBundleServiceInterface.m in Sources */,
				C78B794222F236F3007B357B /* SNTStoredEvent.m in Sources */,
				C792F26522F206FB00B1DBBD /* main.m in Sources */,
				C77179C922F207810047DF1A /* SNTXPCProxyInterface.m in Sources */,
			);
			runOnlyForDeploymentPostprocessing = 0;
		};
		C7A8307C22F0F81F00F856AC /* Sources */ = {
			isa = PBXSourcesBuildPhase;
			buildActionMask = 2147483647;
			files = (
			);
			runOnlyForDeploymentPostprocessing = 0;
		};
		C7E1191322F20DB20014F202 /* Sources */ = {
			isa = PBXSourcesBuildPhase;
			buildActionMask = 2147483647;
			files = (
				C7E1193622F20F650014F202 /* main.m in Sources */,
				C78B793C22F20FA1007B357B /* SNTFileInfo.m in Sources */,
				C78B793D22F20FA6007B357B /* SNTStoredEvent.m in Sources */,
				C78B793E22F20FAA007B357B /* SNTXPCNotifierInterface.m in Sources */,
				C78B793F22F2209F007B357B /* SNTXPCProxyInterface.m in Sources */,
				C7E1193522F20F5C0014F202 /* SNTXPCBundleServiceInterface.m in Sources */,
				C7E1193722F20F680014F202 /* SNTBundleService.m in Sources */,
			);
			runOnlyForDeploymentPostprocessing = 0;
		};
/* End PBXSourcesBuildPhase section */

/* Begin PBXTargetDependency section */
		C7E1192122F20DB20014F202 /* PBXTargetDependency */ = {
			isa = PBXTargetDependency;
			target = C7E1191622F20DB20014F202 /* santabundleservice */;
			targetProxy = C7E1192022F20DB20014F202 /* PBXContainerItemProxy */;
		};
/* End PBXTargetDependency section */

/* Begin XCBuildConfiguration section */
		C779C2ED22F0E95000EE2541 /* Debug */ = {
			isa = XCBuildConfiguration;
			buildSettings = {
				ALWAYS_SEARCH_USER_PATHS = NO;
				CLANG_ANALYZER_NONNULL = YES;
				CLANG_ANALYZER_NUMBER_OBJECT_CONVERSION = YES_AGGRESSIVE;
				CLANG_CXX_LANGUAGE_STANDARD = "gnu++14";
				CLANG_CXX_LIBRARY = "libc++";
				CLANG_ENABLE_MODULES = YES;
				CLANG_ENABLE_OBJC_ARC = YES;
				CLANG_ENABLE_OBJC_WEAK = YES;
				CLANG_WARN_BLOCK_CAPTURE_AUTORELEASING = YES;
				CLANG_WARN_BOOL_CONVERSION = YES;
				CLANG_WARN_COMMA = YES;
				CLANG_WARN_CONSTANT_CONVERSION = YES;
				CLANG_WARN_DEPRECATED_OBJC_IMPLEMENTATIONS = YES;
				CLANG_WARN_DIRECT_OBJC_ISA_USAGE = YES_ERROR;
				CLANG_WARN_DOCUMENTATION_COMMENTS = YES;
				CLANG_WARN_EMPTY_BODY = YES;
				CLANG_WARN_ENUM_CONVERSION = YES;
				CLANG_WARN_INFINITE_RECURSION = YES;
				CLANG_WARN_INT_CONVERSION = YES;
				CLANG_WARN_NON_LITERAL_NULL_CONVERSION = YES;
				CLANG_WARN_OBJC_IMPLICIT_RETAIN_SELF = YES;
				CLANG_WARN_OBJC_LITERAL_CONVERSION = YES;
				CLANG_WARN_OBJC_ROOT_CLASS = YES_ERROR;
				CLANG_WARN_RANGE_LOOP_ANALYSIS = YES;
				CLANG_WARN_STRICT_PROTOTYPES = YES;
				CLANG_WARN_SUSPICIOUS_MOVE = YES;
				CLANG_WARN_UNGUARDED_AVAILABILITY = YES_AGGRESSIVE;
				CLANG_WARN_UNREACHABLE_CODE = YES;
				CLANG_WARN__DUPLICATE_METHOD_MATCH = YES;
				COPY_PHASE_STRIP = NO;
				DEBUG_INFORMATION_FORMAT = dwarf;
				ENABLE_STRICT_OBJC_MSGSEND = YES;
				ENABLE_TESTABILITY = YES;
				GCC_C_LANGUAGE_STANDARD = gnu11;
				GCC_DYNAMIC_NO_PIC = NO;
				GCC_NO_COMMON_BLOCKS = YES;
				GCC_OPTIMIZATION_LEVEL = 0;
				GCC_PREPROCESSOR_DEFINITIONS = (
					"DEBUG=1",
					"$(inherited)",
				);
				GCC_WARN_64_TO_32_BIT_CONVERSION = YES;
				GCC_WARN_ABOUT_RETURN_TYPE = YES_ERROR;
				GCC_WARN_UNDECLARED_SELECTOR = YES;
				GCC_WARN_UNINITIALIZED_AUTOS = YES_AGGRESSIVE;
				GCC_WARN_UNUSED_FUNCTION = YES;
				GCC_WARN_UNUSED_VARIABLE = YES;
				HEADER_SEARCH_PATHS = "$(SRCROOT";
				MACOSX_DEPLOYMENT_TARGET = 10.15;
				MTL_ENABLE_DEBUG_INFO = INCLUDE_SOURCE;
				MTL_FAST_MATH = YES;
				ONLY_ACTIVE_ARCH = YES;
				SDKROOT = macosx;
			};
			name = Debug;
		};
		C779C2EE22F0E95000EE2541 /* Release */ = {
			isa = XCBuildConfiguration;
			buildSettings = {
				ALWAYS_SEARCH_USER_PATHS = NO;
				CLANG_ANALYZER_NONNULL = YES;
				CLANG_ANALYZER_NUMBER_OBJECT_CONVERSION = YES_AGGRESSIVE;
				CLANG_CXX_LANGUAGE_STANDARD = "gnu++14";
				CLANG_CXX_LIBRARY = "libc++";
				CLANG_ENABLE_MODULES = YES;
				CLANG_ENABLE_OBJC_ARC = YES;
				CLANG_ENABLE_OBJC_WEAK = YES;
				CLANG_WARN_BLOCK_CAPTURE_AUTORELEASING = YES;
				CLANG_WARN_BOOL_CONVERSION = YES;
				CLANG_WARN_COMMA = YES;
				CLANG_WARN_CONSTANT_CONVERSION = YES;
				CLANG_WARN_DEPRECATED_OBJC_IMPLEMENTATIONS = YES;
				CLANG_WARN_DIRECT_OBJC_ISA_USAGE = YES_ERROR;
				CLANG_WARN_DOCUMENTATION_COMMENTS = YES;
				CLANG_WARN_EMPTY_BODY = YES;
				CLANG_WARN_ENUM_CONVERSION = YES;
				CLANG_WARN_INFINITE_RECURSION = YES;
				CLANG_WARN_INT_CONVERSION = YES;
				CLANG_WARN_NON_LITERAL_NULL_CONVERSION = YES;
				CLANG_WARN_OBJC_IMPLICIT_RETAIN_SELF = YES;
				CLANG_WARN_OBJC_LITERAL_CONVERSION = YES;
				CLANG_WARN_OBJC_ROOT_CLASS = YES_ERROR;
				CLANG_WARN_RANGE_LOOP_ANALYSIS = YES;
				CLANG_WARN_STRICT_PROTOTYPES = YES;
				CLANG_WARN_SUSPICIOUS_MOVE = YES;
				CLANG_WARN_UNGUARDED_AVAILABILITY = YES_AGGRESSIVE;
				CLANG_WARN_UNREACHABLE_CODE = YES;
				CLANG_WARN__DUPLICATE_METHOD_MATCH = YES;
				COPY_PHASE_STRIP = NO;
				DEBUG_INFORMATION_FORMAT = "dwarf-with-dsym";
				ENABLE_NS_ASSERTIONS = NO;
				ENABLE_STRICT_OBJC_MSGSEND = YES;
				GCC_C_LANGUAGE_STANDARD = gnu11;
				GCC_NO_COMMON_BLOCKS = YES;
				GCC_WARN_64_TO_32_BIT_CONVERSION = YES;
				GCC_WARN_ABOUT_RETURN_TYPE = YES_ERROR;
				GCC_WARN_UNDECLARED_SELECTOR = YES;
				GCC_WARN_UNINITIALIZED_AUTOS = YES_AGGRESSIVE;
				GCC_WARN_UNUSED_FUNCTION = YES;
				GCC_WARN_UNUSED_VARIABLE = YES;
				HEADER_SEARCH_PATHS = "$(SRCROOT";
				MACOSX_DEPLOYMENT_TARGET = 10.15;
				MTL_ENABLE_DEBUG_INFO = NO;
				MTL_FAST_MATH = YES;
				SDKROOT = macosx;
			};
			name = Release;
		};
		C779C2F022F0E95000EE2541 /* Debug */ = {
			isa = XCBuildConfiguration;
			baseConfigurationReference = E6D38874F31422095E853E99 /* Pods-Santa.debug.xcconfig */;
			buildSettings = {
				ASSETCATALOG_COMPILER_APPICON_NAME = AppIcon;
				CODE_SIGN_ENTITLEMENTS = Source/Santa/Resources/Santa.entitlements;
				CODE_SIGN_STYLE = Automatic;
				COMBINE_HIDPI_IMAGES = YES;
				DEVELOPMENT_TEAM = 998Z9C32TC;
				ENABLE_HARDENED_RUNTIME = YES;
				INFOPLIST_FILE = "Source/Santa/Resources/Santa-Info.plist";
				LD_RUNPATH_SEARCH_PATHS = (
					"$(inherited)",
					"@executable_path/../Frameworks",
				);
				PRODUCT_BUNDLE_IDENTIFIER = com.google.santa;
				PRODUCT_NAME = "$(TARGET_NAME)";
			};
			name = Debug;
		};
		C779C2F122F0E95000EE2541 /* Release */ = {
			isa = XCBuildConfiguration;
			baseConfigurationReference = CD71F19EA875F61754E81EBF /* Pods-Santa.release.xcconfig */;
			buildSettings = {
				ASSETCATALOG_COMPILER_APPICON_NAME = AppIcon;
				CODE_SIGN_ENTITLEMENTS = Source/Santa/Resources/Santa.entitlements;
				CODE_SIGN_STYLE = Automatic;
				COMBINE_HIDPI_IMAGES = YES;
				DEVELOPMENT_TEAM = 998Z9C32TC;
				ENABLE_HARDENED_RUNTIME = YES;
				INFOPLIST_FILE = "Source/Santa/Resources/Santa-Info.plist";
				LD_RUNPATH_SEARCH_PATHS = (
					"$(inherited)",
					"@executable_path/../Frameworks",
				);
				PRODUCT_BUNDLE_IDENTIFIER = com.google.santa;
				PRODUCT_NAME = "$(TARGET_NAME)";
			};
			name = Release;
		};
		C779C4EB22F0F51400EE2541 /* Debug */ = {
			isa = XCBuildConfiguration;
			baseConfigurationReference = 18183794C94BAEAD167B12EC /* Pods-santad.debug.xcconfig */;
			buildSettings = {
				CODE_SIGN_ENTITLEMENTS = Source/santad/Resources/santad.entitlements;
				CODE_SIGN_STYLE = Automatic;
				CREATE_INFOPLIST_SECTION_IN_BINARY = YES;
				DEVELOPMENT_TEAM = 998Z9C32TC;
				ENABLE_HARDENED_RUNTIME = YES;
				INFOPLIST_FILE = "Source/santad/Resources/santad-Info.plist";
				PRODUCT_NAME = "$(TARGET_NAME)";
			};
			name = Debug;
		};
		C779C4EC22F0F51400EE2541 /* Release */ = {
			isa = XCBuildConfiguration;
			baseConfigurationReference = 7AF15DF785BAA0EAB0BE340D /* Pods-santad.release.xcconfig */;
			buildSettings = {
				CODE_SIGN_ENTITLEMENTS = Source/santad/Resources/santad.entitlements;
				CODE_SIGN_STYLE = Automatic;
				CREATE_INFOPLIST_SECTION_IN_BINARY = YES;
				DEVELOPMENT_TEAM = 998Z9C32TC;
				ENABLE_HARDENED_RUNTIME = YES;
				INFOPLIST_FILE = "Source/santad/Resources/santad-Info.plist";
				PRODUCT_NAME = "$(TARGET_NAME)";
			};
			name = Release;
		};
		C792F26022F206A800B1DBBD /* Debug */ = {
			isa = XCBuildConfiguration;
			baseConfigurationReference = EDF64F091E796EC4013F5499 /* Pods-santaxpcproxy.debug.xcconfig */;
			buildSettings = {
				CODE_SIGN_STYLE = Automatic;
				DEVELOPMENT_TEAM = 998Z9C32TC;
				ENABLE_HARDENED_RUNTIME = YES;
				INFOPLIST_FILE = "$(SRCROOT)/Source/santaxpcproxy/Resources/santaxpcproxy-Info.plist";
				PRODUCT_BUNDLE_IDENTIFIER = com.google.santa.xpcproxy;
				PRODUCT_NAME = "$(TARGET_NAME)";
			};
			name = Debug;
		};
		C792F26122F206A800B1DBBD /* Release */ = {
			isa = XCBuildConfiguration;
			baseConfigurationReference = D979E8ECE019FB93D1D381E7 /* Pods-santaxpcproxy.release.xcconfig */;
			buildSettings = {
				CODE_SIGN_STYLE = Automatic;
				DEVELOPMENT_TEAM = 998Z9C32TC;
				ENABLE_HARDENED_RUNTIME = YES;
				INFOPLIST_FILE = "$(SRCROOT)/Source/santaxpcproxy/Resources/santaxpcproxy-Info.plist";
				PRODUCT_BUNDLE_IDENTIFIER = com.google.santa.xpcproxy;
				PRODUCT_NAME = "$(TARGET_NAME)";
			};
			name = Release;
		};
		C7A8308422F0F81F00F856AC /* Debug */ = {
			isa = XCBuildConfiguration;
			baseConfigurationReference = D7360306D7CFDD179D003266 /* Pods-sysx.debug.xcconfig */;
			buildSettings = {
				CODE_SIGN_ENTITLEMENTS = Source/santad/Resources/santad.entitlements;
				CODE_SIGN_STYLE = Automatic;
				COMBINE_HIDPI_IMAGES = YES;
				DEVELOPMENT_TEAM = 998Z9C32TC;
				INFOPLIST_FILE = "Source/santad/Resources/santad-Info.plist";
				INSTALL_PATH = "$(LOCAL_LIBRARY_DIR)/Bundles";
				PRODUCT_BUNDLE_IDENTIFIER = com.google.santa.daemon;
				PRODUCT_NAME = com.google.santa.daemon;
				SKIP_INSTALL = YES;
				WRAPPER_EXTENSION = systemextension;
			};
			name = Debug;
		};
		C7A8308522F0F81F00F856AC /* Release */ = {
			isa = XCBuildConfiguration;
			baseConfigurationReference = C05543B3701F50CA798B4B11 /* Pods-sysx.release.xcconfig */;
			buildSettings = {
				CODE_SIGN_ENTITLEMENTS = Source/santad/Resources/santad.entitlements;
				CODE_SIGN_STYLE = Automatic;
				COMBINE_HIDPI_IMAGES = YES;
				DEVELOPMENT_TEAM = 998Z9C32TC;
				INFOPLIST_FILE = "Source/santad/Resources/santad-Info.plist";
				INSTALL_PATH = "$(LOCAL_LIBRARY_DIR)/Bundles";
				PRODUCT_BUNDLE_IDENTIFIER = com.google.santa.daemon;
				PRODUCT_NAME = com.google.santa.daemon;
				SKIP_INSTALL = YES;
				WRAPPER_EXTENSION = systemextension;
			};
			name = Release;
		};
		C7E1192422F20DB20014F202 /* Debug */ = {
			isa = XCBuildConfiguration;
			baseConfigurationReference = D4808D8635FB5E8E5F4637BB /* Pods-santabundleservice.debug.xcconfig */;
			buildSettings = {
				CODE_SIGN_STYLE = Automatic;
				COMBINE_HIDPI_IMAGES = YES;
				CURRENT_PROJECT_VERSION = 1;
				DEVELOPMENT_TEAM = 998Z9C32TC;
				ENABLE_HARDENED_RUNTIME = YES;
				INFOPLIST_FILE = "Source/santabundleservice/Resources/santabundleservice-Info.plist";
				MARKETING_VERSION = 1.0;
				PRODUCT_BUNDLE_IDENTIFIER = com.google.santa.bundleservice;
				PRODUCT_NAME = "$(TARGET_NAME)";
				SKIP_INSTALL = YES;
			};
			name = Debug;
		};
		C7E1192522F20DB20014F202 /* Release */ = {
			isa = XCBuildConfiguration;
			baseConfigurationReference = FE1F7C320CAEA468FAAC05B0 /* Pods-santabundleservice.release.xcconfig */;
			buildSettings = {
				CODE_SIGN_STYLE = Automatic;
				COMBINE_HIDPI_IMAGES = YES;
				CURRENT_PROJECT_VERSION = 1;
				DEVELOPMENT_TEAM = 998Z9C32TC;
				ENABLE_HARDENED_RUNTIME = YES;
				INFOPLIST_FILE = "Source/santabundleservice/Resources/santabundleservice-Info.plist";
				MARKETING_VERSION = 1.0;
				PRODUCT_BUNDLE_IDENTIFIER = com.google.santa.bundleservice;
				PRODUCT_NAME = "$(TARGET_NAME)";
				SKIP_INSTALL = YES;
			};
			name = Release;
		};
/* End XCBuildConfiguration section */

/* Begin XCConfigurationList section */
		C779C2D922F0E95000EE2541 /* Build configuration list for PBXProject "Santa" */ = {
			isa = XCConfigurationList;
			buildConfigurations = (
				C779C2ED22F0E95000EE2541 /* Debug */,
				C779C2EE22F0E95000EE2541 /* Release */,
			);
			defaultConfigurationIsVisible = 0;
			defaultConfigurationName = Release;
		};
		C779C2EF22F0E95000EE2541 /* Build configuration list for PBXNativeTarget "Santa" */ = {
			isa = XCConfigurationList;
			buildConfigurations = (
				C779C2F022F0E95000EE2541 /* Debug */,
				C779C2F122F0E95000EE2541 /* Release */,
			);
			defaultConfigurationIsVisible = 0;
			defaultConfigurationName = Release;
		};
		C779C4EA22F0F51400EE2541 /* Build configuration list for PBXNativeTarget "santad" */ = {
			isa = XCConfigurationList;
			buildConfigurations = (
				C779C4EB22F0F51400EE2541 /* Debug */,
				C779C4EC22F0F51400EE2541 /* Release */,
			);
			defaultConfigurationIsVisible = 0;
			defaultConfigurationName = Release;
		};
		C792F26222F206A800B1DBBD /* Build configuration list for PBXNativeTarget "santaxpcproxy" */ = {
			isa = XCConfigurationList;
			buildConfigurations = (
				C792F26022F206A800B1DBBD /* Debug */,
				C792F26122F206A800B1DBBD /* Release */,
			);
			defaultConfigurationIsVisible = 0;
			defaultConfigurationName = Release;
		};
		C7A8308322F0F81F00F856AC /* Build configuration list for PBXNativeTarget "sysx" */ = {
			isa = XCConfigurationList;
			buildConfigurations = (
				C7A8308422F0F81F00F856AC /* Debug */,
				C7A8308522F0F81F00F856AC /* Release */,
			);
			defaultConfigurationIsVisible = 0;
			defaultConfigurationName = Release;
		};
		C7E1192322F20DB20014F202 /* Build configuration list for PBXNativeTarget "santabundleservice" */ = {
			isa = XCConfigurationList;
			buildConfigurations = (
				C7E1192422F20DB20014F202 /* Debug */,
				C7E1192522F20DB20014F202 /* Release */,
			);
			defaultConfigurationIsVisible = 0;
			defaultConfigurationName = Release;
		};
/* End XCConfigurationList section */
	};
	rootObject = C779C2D622F0E95000EE2541 /* Project object */;
}
